// !$*UTF8*$!
{
	archiveVersion = 1;
	classes = {
	};
	objectVersion = 46;
	objects = {

/* Begin PBXBuildFile section */
		35C6636F86084676A8F03BCF /* libPods-AirMenuKitTests.a in Frameworks */ = {isa = PBXBuildFile; fileRef = C4D6450282584DFB83C8BE38 /* libPods-AirMenuKitTests.a */; };
		7108AD9F18B5741B00A413DA /* restaurants.json in Resources */ = {isa = PBXBuildFile; fileRef = 7108AD9E18B5741B00A413DA /* restaurants.json */; };
		7108ADA118B5846400A413DA /* AMClientRestaurantTests.m in Sources */ = {isa = PBXBuildFile; fileRef = 7108ADA018B5846400A413DA /* AMClientRestaurantTests.m */; };
		7108ADA318B8E8CE00A413DA /* menus.json in Resources */ = {isa = PBXBuildFile; fileRef = 7108ADA218B8E8CE00A413DA /* menus.json */; };
		710928A218FD4922009760F2 /* staff_member.json in Resources */ = {isa = PBXBuildFile; fileRef = 710928A118FD4922009760F2 /* staff_member.json */; };
		710928A418FD4931009760F2 /* staff_members.json in Resources */ = {isa = PBXBuildFile; fileRef = 710928A318FD4931009760F2 /* staff_members.json */; };
		710928A618FD59DF009760F2 /* group.json in Resources */ = {isa = PBXBuildFile; fileRef = 710928A518FD59DF009760F2 /* group.json */; };
		710928A818FD59E7009760F2 /* groups.json in Resources */ = {isa = PBXBuildFile; fileRef = 710928A718FD59E7009760F2 /* groups.json */; };
		7109CBF818DA58CC00D6003E /* NSArray+NullReplacement.m in Sources */ = {isa = PBXBuildFile; fileRef = 7109CBF718DA58CC00D6003E /* NSArray+NullReplacement.m */; };
		7109CBFB18DA58D300D6003E /* NSDictionary+NullReplacement.m in Sources */ = {isa = PBXBuildFile; fileRef = 7109CBFA18DA58D300D6003E /* NSDictionary+NullReplacement.m */; };
		710AD71D189FDF6400AA1038 /* AMClient.m in Sources */ = {isa = PBXBuildFile; fileRef = 710AD71C189FDF6400AA1038 /* AMClient.m */; };
		710AD72018A0268800AA1038 /* AMCompany.m in Sources */ = {isa = PBXBuildFile; fileRef = 710AD71F18A0268800AA1038 /* AMCompany.m */; };
		710AD72318A0269F00AA1038 /* AMRestaurant.m in Sources */ = {isa = PBXBuildFile; fileRef = 710AD72218A0269F00AA1038 /* AMRestaurant.m */; };
		710AD72618A026B900AA1038 /* AMMenu.m in Sources */ = {isa = PBXBuildFile; fileRef = 710AD72518A026B900AA1038 /* AMMenu.m */; };
		710AD72918A026CC00AA1038 /* AMMenuSection.m in Sources */ = {isa = PBXBuildFile; fileRef = 710AD72818A026CC00AA1038 /* AMMenuSection.m */; };
		710AD72C18A026D600AA1038 /* AMMenuItem.m in Sources */ = {isa = PBXBuildFile; fileRef = 710AD72B18A026D600AA1038 /* AMMenuItem.m */; };
		71115C4D190224EF000E87C4 /* AMClient+Order.m in Sources */ = {isa = PBXBuildFile; fileRef = 71115C4C190224EF000E87C4 /* AMClient+Order.m */; };
		71115C50190224F6000E87C4 /* AMClient+OrderItem.m in Sources */ = {isa = PBXBuildFile; fileRef = 71115C4F190224F6000E87C4 /* AMClient+OrderItem.m */; };
		71115C5319022516000E87C4 /* AMClient+StaffKind.m in Sources */ = {isa = PBXBuildFile; fileRef = 71115C5219022516000E87C4 /* AMClient+StaffKind.m */; };
		71115C5619022521000E87C4 /* AMClient+StaffMember.m in Sources */ = {isa = PBXBuildFile; fileRef = 71115C5519022521000E87C4 /* AMClient+StaffMember.m */; };
		71115C5819022A3E000E87C4 /* AMClientOrderTests.m in Sources */ = {isa = PBXBuildFile; fileRef = 71115C5719022A3E000E87C4 /* AMClientOrderTests.m */; };
		71115C5A19022A4B000E87C4 /* AMClientOrderItemTests.m in Sources */ = {isa = PBXBuildFile; fileRef = 71115C5919022A4B000E87C4 /* AMClientOrderItemTests.m */; };
		71115C5C19022A56000E87C4 /* AMClientStaffKindTests.m in Sources */ = {isa = PBXBuildFile; fileRef = 71115C5B19022A56000E87C4 /* AMClientStaffKindTests.m */; };
		71115C5E19022A6C000E87C4 /* AMClientStaffMemberTests.m in Sources */ = {isa = PBXBuildFile; fileRef = 71115C5D19022A6C000E87C4 /* AMClientStaffMemberTests.m */; };
		71173FA118A067F400DF24EB /* NSNumberFormatter+AirMenuNumberFormat.m in Sources */ = {isa = PBXBuildFile; fileRef = 71173FA018A067F400DF24EB /* NSNumberFormatter+AirMenuNumberFormat.m */; };
		71173FA418A06AF300DF24EB /* AMAddressTests.m in Sources */ = {isa = PBXBuildFile; fileRef = 71173FA318A06AF300DF24EB /* AMAddressTests.m */; };
		71173FA618A17BAB00DF24EB /* AMMenuItemTests.m in Sources */ = {isa = PBXBuildFile; fileRef = 71173FA518A17BAB00DF24EB /* AMMenuItemTests.m */; };
		7119582318FADAA30065BB3A /* AMOrder.m in Sources */ = {isa = PBXBuildFile; fileRef = 7119582218FADAA30065BB3A /* AMOrder.m */; };
		7119582618FADAB10065BB3A /* AMOrderItem.m in Sources */ = {isa = PBXBuildFile; fileRef = 7119582518FADAB10065BB3A /* AMOrderItem.m */; };
		7119582918FADB070065BB3A /* AMStaffKind.m in Sources */ = {isa = PBXBuildFile; fileRef = 7119582818FADB070065BB3A /* AMStaffKind.m */; };
		7119582C18FADB450065BB3A /* AMStaffMember.m in Sources */ = {isa = PBXBuildFile; fileRef = 7119582B18FADB450065BB3A /* AMStaffMember.m */; };
		7119582F18FADBA60065BB3A /* AMDevice.m in Sources */ = {isa = PBXBuildFile; fileRef = 7119582E18FADBA60065BB3A /* AMDevice.m */; };
		7119583218FADBBD0065BB3A /* AMNotification.m in Sources */ = {isa = PBXBuildFile; fileRef = 7119583118FADBBD0065BB3A /* AMNotification.m */; };
		7119583518FADBD90065BB3A /* AMGroup.m in Sources */ = {isa = PBXBuildFile; fileRef = 7119583418FADBD90065BB3A /* AMGroup.m */; };
		7119583718FADC780065BB3A /* AMGroupTests.m in Sources */ = {isa = PBXBuildFile; fileRef = 7119583618FADC780065BB3A /* AMGroupTests.m */; };
		7119583918FADC830065BB3A /* AMOrderTests.m in Sources */ = {isa = PBXBuildFile; fileRef = 7119583818FADC830065BB3A /* AMOrderTests.m */; };
		7119583B18FADCA00065BB3A /* AMOrderItemTests.m in Sources */ = {isa = PBXBuildFile; fileRef = 7119583A18FADCA00065BB3A /* AMOrderItemTests.m */; };
		7119583D18FADFD80065BB3A /* AMStaffKindTests.m in Sources */ = {isa = PBXBuildFile; fileRef = 7119583C18FADFD80065BB3A /* AMStaffKindTests.m */; };
		7119583F18FADFE40065BB3A /* AMStaffMemberTests.m in Sources */ = {isa = PBXBuildFile; fileRef = 7119583E18FADFE40065BB3A /* AMStaffMemberTests.m */; };
		7119584118FAE0060065BB3A /* AMDeviceTests.m in Sources */ = {isa = PBXBuildFile; fileRef = 7119584018FAE0060065BB3A /* AMDeviceTests.m */; };
		7119584318FAE0290065BB3A /* AMNotificationTests.m in Sources */ = {isa = PBXBuildFile; fileRef = 7119584218FAE0290065BB3A /* AMNotificationTests.m */; };
		7132E44E1848EA8A00B2E356 /* Foundation.framework in Frameworks */ = {isa = PBXBuildFile; fileRef = 7132E44D1848EA8A00B2E356 /* Foundation.framework */; };
		7132E45C1848EA8A00B2E356 /* XCTest.framework in Frameworks */ = {isa = PBXBuildFile; fileRef = 7132E45B1848EA8A00B2E356 /* XCTest.framework */; };
		7132E45D1848EA8A00B2E356 /* Foundation.framework in Frameworks */ = {isa = PBXBuildFile; fileRef = 7132E44D1848EA8A00B2E356 /* Foundation.framework */; };
		7132E4621848EA8A00B2E356 /* libAirMenuKit.a in Frameworks */ = {isa = PBXBuildFile; fileRef = 7132E44A1848EA8A00B2E356 /* libAirMenuKit.a */; };
		7132E4681848EA8A00B2E356 /* InfoPlist.strings in Resources */ = {isa = PBXBuildFile; fileRef = 7132E4661848EA8A00B2E356 /* InfoPlist.strings */; };
		713F324018FB423E004E2F1F /* order_item.json in Resources */ = {isa = PBXBuildFile; fileRef = 713F323F18FB423E004E2F1F /* order_item.json */; };
		713F324218FB427C004E2F1F /* order.json in Resources */ = {isa = PBXBuildFile; fileRef = 713F324118FB427C004E2F1F /* order.json */; };
		713F953218A0328400623CA8 /* AMCompanyTests.m in Sources */ = {isa = PBXBuildFile; fileRef = 713F953118A0328400623CA8 /* AMCompanyTests.m */; };
		713F953318A03B0900623CA8 /* AMCompany.h in CopyFiles */ = {isa = PBXBuildFile; fileRef = 710AD71E18A0268800AA1038 /* AMCompany.h */; };
		713F953418A03B0900623CA8 /* AMRestaurant.h in CopyFiles */ = {isa = PBXBuildFile; fileRef = 710AD72118A0269F00AA1038 /* AMRestaurant.h */; };
		713F953518A03B0900623CA8 /* AMMenu.h in CopyFiles */ = {isa = PBXBuildFile; fileRef = 710AD72418A026B900AA1038 /* AMMenu.h */; };
		713F953618A03B0900623CA8 /* AMMenuSection.h in CopyFiles */ = {isa = PBXBuildFile; fileRef = 710AD72718A026CC00AA1038 /* AMMenuSection.h */; };
		713F953718A03B0900623CA8 /* AMMenuItem.h in CopyFiles */ = {isa = PBXBuildFile; fileRef = 710AD72A18A026D600AA1038 /* AMMenuItem.h */; };
		713F953818A03B0900623CA8 /* AMClient.h in CopyFiles */ = {isa = PBXBuildFile; fileRef = 710AD71B189FDF6400AA1038 /* AMClient.h */; };
		713F953B18A040F500623CA8 /* AMAddress.m in Sources */ = {isa = PBXBuildFile; fileRef = 713F953A18A040F500623CA8 /* AMAddress.m */; };
		71496A9018CD340E00045AFD /* AMUser.m in Sources */ = {isa = PBXBuildFile; fileRef = 71496A8F18CD340E00045AFD /* AMUser.m */; };
		71496A9218CD342100045AFD /* AMUserTests.m in Sources */ = {isa = PBXBuildFile; fileRef = 71496A9118CD342100045AFD /* AMUserTests.m */; };
		71496A9418CD3E7500045AFD /* me.json in Resources */ = {isa = PBXBuildFile; fileRef = 71496A9318CD3E7500045AFD /* me.json */; };
		71496A9618CD3E7E00045AFD /* user.json in Resources */ = {isa = PBXBuildFile; fileRef = 71496A9518CD3E7E00045AFD /* user.json */; };
		71496A9918CD40C800045AFD /* AMClient+User.m in Sources */ = {isa = PBXBuildFile; fileRef = 71496A9818CD40C800045AFD /* AMClient+User.m */; };
		71496A9B18CD420500045AFD /* AMClientUserTests.m in Sources */ = {isa = PBXBuildFile; fileRef = 71496A9A18CD420500045AFD /* AMClientUserTests.m */; };
		714C068818B538A9004EAD04 /* TestToolBox.m in Sources */ = {isa = PBXBuildFile; fileRef = 714C068718B538A9004EAD04 /* TestToolBox.m */; };
		714C068A18B55982004EAD04 /* restaurant.json in Resources */ = {isa = PBXBuildFile; fileRef = 714C068918B55982004EAD04 /* restaurant.json */; };
		71600A1C18B5069F00DFB9B6 /* AMClientCompanyTests.m in Sources */ = {isa = PBXBuildFile; fileRef = 71600A1B18B5069F00DFB9B6 /* AMClientCompanyTests.m */; };
		71600A1E18B506F000DFB9B6 /* company.json in Resources */ = {isa = PBXBuildFile; fileRef = 71600A1D18B506F000DFB9B6 /* company.json */; };
		716863B818B8F012005D68B3 /* menu.json in Resources */ = {isa = PBXBuildFile; fileRef = 716863B718B8F012005D68B3 /* menu.json */; };
		716863BA18B90C55005D68B3 /* AMClientMenuTests.m in Sources */ = {isa = PBXBuildFile; fileRef = 716863B918B90C55005D68B3 /* AMClientMenuTests.m */; };
		716863BC18B927DC005D68B3 /* menu_section.json in Resources */ = {isa = PBXBuildFile; fileRef = 716863BB18B927DC005D68B3 /* menu_section.json */; };
		716863BE18B927E6005D68B3 /* menu_sections.json in Resources */ = {isa = PBXBuildFile; fileRef = 716863BD18B927E6005D68B3 /* menu_sections.json */; };
		716863C018B9388D005D68B3 /* AMClientMenuSectionTests.m in Sources */ = {isa = PBXBuildFile; fileRef = 716863BF18B9388D005D68B3 /* AMClientMenuSectionTests.m */; };
		716863C218B93C26005D68B3 /* menu_item.json in Resources */ = {isa = PBXBuildFile; fileRef = 716863C118B93C26005D68B3 /* menu_item.json */; };
		716863C418B93C31005D68B3 /* menu_items.json in Resources */ = {isa = PBXBuildFile; fileRef = 716863C318B93C31005D68B3 /* menu_items.json */; };
		716863C618B94FA1005D68B3 /* AMClientMenuItemTests.m in Sources */ = {isa = PBXBuildFile; fileRef = 716863C518B94FA1005D68B3 /* AMClientMenuItemTests.m */; };
		716C573318A197C800D95228 /* NSDateFormatter+AirMenuTimestamp.m in Sources */ = {isa = PBXBuildFile; fileRef = 716C573218A197C800D95228 /* NSDateFormatter+AirMenuTimestamp.m */; };
		716C573518A1A40D00D95228 /* AMMenuSectionTests.m in Sources */ = {isa = PBXBuildFile; fileRef = 716C573418A1A40D00D95228 /* AMMenuSectionTests.m */; };
		716C573718A1BEB800D95228 /* AMMenuTests.m in Sources */ = {isa = PBXBuildFile; fileRef = 716C573618A1BEB800D95228 /* AMMenuTests.m */; };
		71710E6418A436C200A2390B /* AMRestaurantTests.m in Sources */ = {isa = PBXBuildFile; fileRef = 71710E6318A436C200A2390B /* AMRestaurantTests.m */; };
		7174341A18AA76C200A83C61 /* AMOAuthToken.m in Sources */ = {isa = PBXBuildFile; fileRef = 7174341918AA76C200A83C61 /* AMOAuthToken.m */; };
		7174C17E18FAEB6100A9F2B5 /* libPods.a in Frameworks */ = {isa = PBXBuildFile; fileRef = 7174C17D18FAEB6100A9F2B5 /* libPods.a */; };
		717DFD6518DA64DD003D6609 /* AirMenuKit.h in CopyFiles */ = {isa = PBXBuildFile; fileRef = 717DFD6418DA6357003D6609 /* AirMenuKit.h */; };
		717DFD6618DA64DD003D6609 /* AMAddress.h in CopyFiles */ = {isa = PBXBuildFile; fileRef = 713F953918A040F500623CA8 /* AMAddress.h */; };
		717DFD6718DA64DD003D6609 /* AMUser.h in CopyFiles */ = {isa = PBXBuildFile; fileRef = 71496A8E18CD340E00045AFD /* AMUser.h */; };
		717DFD6818DA64DD003D6609 /* AMClient+Company.h in CopyFiles */ = {isa = PBXBuildFile; fileRef = 71A0D3A018AC33220070465E /* AMClient+Company.h */; };
		717DFD6918DA64DD003D6609 /* AMClient+Restaurant.h in CopyFiles */ = {isa = PBXBuildFile; fileRef = 71A0D3A318AC33280070465E /* AMClient+Restaurant.h */; };
		717DFD6A18DA64DD003D6609 /* AMClient+Menu.h in CopyFiles */ = {isa = PBXBuildFile; fileRef = 71A0D3A618AC33310070465E /* AMClient+Menu.h */; };
		717DFD6B18DA64DD003D6609 /* AMClient+MenuSection.h in CopyFiles */ = {isa = PBXBuildFile; fileRef = 71A0D3A918AC33390070465E /* AMClient+MenuSection.h */; };
		717DFD6C18DA64DD003D6609 /* AMClient+MenuItem.h in CopyFiles */ = {isa = PBXBuildFile; fileRef = 71A0D3AC18AC335E0070465E /* AMClient+MenuItem.h */; };
		717DFD6D18DA64DD003D6609 /* AMClient+User.h in CopyFiles */ = {isa = PBXBuildFile; fileRef = 71496A9718CD40C800045AFD /* AMClient+User.h */; };
		717DFD6E18DA64DD003D6609 /* AMOAuthToken.h in CopyFiles */ = {isa = PBXBuildFile; fileRef = 7174341818AA76C200A83C61 /* AMOAuthToken.h */; };
		717DFD6F18DA64DD003D6609 /* AMOAuthApplication.h in CopyFiles */ = {isa = PBXBuildFile; fileRef = 71E3FD7C18AACB6F00BD00C2 /* AMOAuthApplication.h */; };
		71A0D3A218AC33220070465E /* AMClient+Company.m in Sources */ = {isa = PBXBuildFile; fileRef = 71A0D3A118AC33220070465E /* AMClient+Company.m */; };
		71A0D3A518AC33280070465E /* AMClient+Restaurant.m in Sources */ = {isa = PBXBuildFile; fileRef = 71A0D3A418AC33280070465E /* AMClient+Restaurant.m */; };
		71A0D3A818AC33310070465E /* AMClient+Menu.m in Sources */ = {isa = PBXBuildFile; fileRef = 71A0D3A718AC33310070465E /* AMClient+Menu.m */; };
		71A0D3AB18AC33390070465E /* AMClient+MenuSection.m in Sources */ = {isa = PBXBuildFile; fileRef = 71A0D3AA18AC33390070465E /* AMClient+MenuSection.m */; };
		71A0D3AE18AC335E0070465E /* AMClient+MenuItem.m in Sources */ = {isa = PBXBuildFile; fileRef = 71A0D3AD18AC335E0070465E /* AMClient+MenuItem.m */; };
		71B2ABFA18FDCA5300238DC1 /* AMClient+Group.m in Sources */ = {isa = PBXBuildFile; fileRef = 71B2ABF918FDCA5300238DC1 /* AMClient+Group.m */; };
		71B2ABFC18FDDA2000238DC1 /* AMClientGroupTests.m in Sources */ = {isa = PBXBuildFile; fileRef = 71B2ABFB18FDDA2000238DC1 /* AMClientGroupTests.m */; };
		71DBA7C518BAC978001CBC32 /* access_token.json in Resources */ = {isa = PBXBuildFile; fileRef = 71DBA7C418BAC978001CBC32 /* access_token.json */; };
		71DC140E18FB60C1001C8185 /* devices.json in Resources */ = {isa = PBXBuildFile; fileRef = 71DC140D18FB60C1001C8185 /* devices.json */; };
		71DC141018FB60DF001C8185 /* device.json in Resources */ = {isa = PBXBuildFile; fileRef = 71DC140F18FB60DF001C8185 /* device.json */; };
		71DC141218FB716F001C8185 /* notifications.json in Resources */ = {isa = PBXBuildFile; fileRef = 71DC141118FB716F001C8185 /* notifications.json */; };
		71DC141418FB723F001C8185 /* notification.json in Resources */ = {isa = PBXBuildFile; fileRef = 71DC141318FB723F001C8185 /* notification.json */; };
		71DC141618FB7281001C8185 /* order_items.json in Resources */ = {isa = PBXBuildFile; fileRef = 71DC141518FB7281001C8185 /* order_items.json */; };
		71DC141818FB74EB001C8185 /* orders.json in Resources */ = {isa = PBXBuildFile; fileRef = 71DC141718FB74EB001C8185 /* orders.json */; };
		71DC141A18FB9D6D001C8185 /* staff_kind.json in Resources */ = {isa = PBXBuildFile; fileRef = 71DC141918FB9D6D001C8185 /* staff_kind.json */; };
		71DC141C18FB9DC4001C8185 /* staff_kinds.json in Resources */ = {isa = PBXBuildFile; fileRef = 71DC141B18FB9DC4001C8185 /* staff_kinds.json */; };
		71E3FD7B18AA784700BD00C2 /* AMOAuthTokenTests.m in Sources */ = {isa = PBXBuildFile; fileRef = 71E3FD7A18AA784700BD00C2 /* AMOAuthTokenTests.m */; };
		71E3FD7E18AACB6F00BD00C2 /* AMOAuthApplication.m in Sources */ = {isa = PBXBuildFile; fileRef = 71E3FD7D18AACB6F00BD00C2 /* AMOAuthApplication.m */; };
		71E3FD8018AACB8D00BD00C2 /* AMOAuthApplicationTests.m in Sources */ = {isa = PBXBuildFile; fileRef = 71E3FD7F18AACB8D00BD00C2 /* AMOAuthApplicationTests.m */; };
		71E3FD8818AB040A00BD00C2 /* AMClientTests.m in Sources */ = {isa = PBXBuildFile; fileRef = 71E3FD8718AB040A00BD00C2 /* AMClientTests.m */; };
		71E3FD8B18AB10D200BD00C2 /* AMObjectBuilder.m in Sources */ = {isa = PBXBuildFile; fileRef = 71E3FD8A18AB10D200BD00C2 /* AMObjectBuilder.m */; };
		71E3FD8D18AC0C7000BD00C2 /* AMObjectBuilderTests.m in Sources */ = {isa = PBXBuildFile; fileRef = 71E3FD8C18AC0C7000BD00C2 /* AMObjectBuilderTests.m */; };
		71F3677818FD2D6500A6FE1E /* AMLocation.m in Sources */ = {isa = PBXBuildFile; fileRef = 71F3677718FD2D6500A6FE1E /* AMLocation.m */; };
/* End PBXBuildFile section */

/* Begin PBXContainerItemProxy section */
		7132E4601848EA8A00B2E356 /* PBXContainerItemProxy */ = {
			isa = PBXContainerItemProxy;
			containerPortal = 7132E4421848EA8A00B2E356 /* Project object */;
			proxyType = 1;
			remoteGlobalIDString = 7132E4491848EA8A00B2E356;
			remoteInfo = AirMenuKit;
		};
/* End PBXContainerItemProxy section */

/* Begin PBXCopyFilesBuildPhase section */
		7132E4481848EA8A00B2E356 /* CopyFiles */ = {
			isa = PBXCopyFilesBuildPhase;
			buildActionMask = 2147483647;
			dstPath = "include/$(PRODUCT_NAME)";
			dstSubfolderSpec = 16;
			files = (
				717DFD6518DA64DD003D6609 /* AirMenuKit.h in CopyFiles */,
				717DFD6618DA64DD003D6609 /* AMAddress.h in CopyFiles */,
				717DFD6718DA64DD003D6609 /* AMUser.h in CopyFiles */,
				717DFD6818DA64DD003D6609 /* AMClient+Company.h in CopyFiles */,
				717DFD6918DA64DD003D6609 /* AMClient+Restaurant.h in CopyFiles */,
				717DFD6A18DA64DD003D6609 /* AMClient+Menu.h in CopyFiles */,
				717DFD6B18DA64DD003D6609 /* AMClient+MenuSection.h in CopyFiles */,
				717DFD6C18DA64DD003D6609 /* AMClient+MenuItem.h in CopyFiles */,
				717DFD6D18DA64DD003D6609 /* AMClient+User.h in CopyFiles */,
				717DFD6E18DA64DD003D6609 /* AMOAuthToken.h in CopyFiles */,
				717DFD6F18DA64DD003D6609 /* AMOAuthApplication.h in CopyFiles */,
				713F953318A03B0900623CA8 /* AMCompany.h in CopyFiles */,
				713F953418A03B0900623CA8 /* AMRestaurant.h in CopyFiles */,
				713F953518A03B0900623CA8 /* AMMenu.h in CopyFiles */,
				713F953618A03B0900623CA8 /* AMMenuSection.h in CopyFiles */,
				713F953718A03B0900623CA8 /* AMMenuItem.h in CopyFiles */,
				713F953818A03B0900623CA8 /* AMClient.h in CopyFiles */,
			);
			runOnlyForDeploymentPostprocessing = 0;
		};
/* End PBXCopyFilesBuildPhase section */

/* Begin PBXFileReference section */
		00826E59288A4EBC8E2108B7 /* libPods.a */ = {isa = PBXFileReference; explicitFileType = archive.ar; includeInIndex = 0; path = libPods.a; sourceTree = BUILT_PRODUCTS_DIR; };
		5144A829ACC149479E467E2A /* Pods.xcconfig */ = {isa = PBXFileReference; includeInIndex = 1; lastKnownFileType = text.xcconfig; name = Pods.xcconfig; path = Pods/Pods.xcconfig; sourceTree = "<group>"; };
		7108AD9E18B5741B00A413DA /* restaurants.json */ = {isa = PBXFileReference; fileEncoding = 4; lastKnownFileType = text.json; path = restaurants.json; sourceTree = "<group>"; };
		7108ADA018B5846400A413DA /* AMClientRestaurantTests.m */ = {isa = PBXFileReference; fileEncoding = 4; lastKnownFileType = sourcecode.c.objc; path = AMClientRestaurantTests.m; sourceTree = "<group>"; };
		7108ADA218B8E8CE00A413DA /* menus.json */ = {isa = PBXFileReference; fileEncoding = 4; lastKnownFileType = text.json; path = menus.json; sourceTree = "<group>"; };
		710928A118FD4922009760F2 /* staff_member.json */ = {isa = PBXFileReference; fileEncoding = 4; lastKnownFileType = text.json; path = staff_member.json; sourceTree = "<group>"; };
		710928A318FD4931009760F2 /* staff_members.json */ = {isa = PBXFileReference; fileEncoding = 4; lastKnownFileType = text.json; path = staff_members.json; sourceTree = "<group>"; };
		710928A518FD59DF009760F2 /* group.json */ = {isa = PBXFileReference; fileEncoding = 4; lastKnownFileType = text.json; path = group.json; sourceTree = "<group>"; };
		710928A718FD59E7009760F2 /* groups.json */ = {isa = PBXFileReference; fileEncoding = 4; lastKnownFileType = text.json; path = groups.json; sourceTree = "<group>"; };
		7109CBF618DA58CC00D6003E /* NSArray+NullReplacement.h */ = {isa = PBXFileReference; fileEncoding = 4; lastKnownFileType = sourcecode.c.h; path = "NSArray+NullReplacement.h"; sourceTree = "<group>"; };
		7109CBF718DA58CC00D6003E /* NSArray+NullReplacement.m */ = {isa = PBXFileReference; fileEncoding = 4; lastKnownFileType = sourcecode.c.objc; path = "NSArray+NullReplacement.m"; sourceTree = "<group>"; };
		7109CBF918DA58D300D6003E /* NSDictionary+NullReplacement.h */ = {isa = PBXFileReference; fileEncoding = 4; lastKnownFileType = sourcecode.c.h; path = "NSDictionary+NullReplacement.h"; sourceTree = "<group>"; };
		7109CBFA18DA58D300D6003E /* NSDictionary+NullReplacement.m */ = {isa = PBXFileReference; fileEncoding = 4; lastKnownFileType = sourcecode.c.objc; path = "NSDictionary+NullReplacement.m"; sourceTree = "<group>"; };
		710AD714189F2FBE00AA1038 /* AirMenuKit-Prefix.pch */ = {isa = PBXFileReference; lastKnownFileType = sourcecode.c.h; path = "AirMenuKit-Prefix.pch"; sourceTree = "<group>"; };
		710AD71B189FDF6400AA1038 /* AMClient.h */ = {isa = PBXFileReference; fileEncoding = 4; lastKnownFileType = sourcecode.c.h; path = AMClient.h; sourceTree = "<group>"; };
		710AD71C189FDF6400AA1038 /* AMClient.m */ = {isa = PBXFileReference; fileEncoding = 4; lastKnownFileType = sourcecode.c.objc; path = AMClient.m; sourceTree = "<group>"; };
		710AD71E18A0268800AA1038 /* AMCompany.h */ = {isa = PBXFileReference; fileEncoding = 4; lastKnownFileType = sourcecode.c.h; path = AMCompany.h; sourceTree = "<group>"; };
		710AD71F18A0268800AA1038 /* AMCompany.m */ = {isa = PBXFileReference; fileEncoding = 4; lastKnownFileType = sourcecode.c.objc; path = AMCompany.m; sourceTree = "<group>"; };
		710AD72118A0269F00AA1038 /* AMRestaurant.h */ = {isa = PBXFileReference; fileEncoding = 4; lastKnownFileType = sourcecode.c.h; path = AMRestaurant.h; sourceTree = "<group>"; };
		710AD72218A0269F00AA1038 /* AMRestaurant.m */ = {isa = PBXFileReference; fileEncoding = 4; lastKnownFileType = sourcecode.c.objc; path = AMRestaurant.m; sourceTree = "<group>"; };
		710AD72418A026B900AA1038 /* AMMenu.h */ = {isa = PBXFileReference; fileEncoding = 4; lastKnownFileType = sourcecode.c.h; path = AMMenu.h; sourceTree = "<group>"; };
		710AD72518A026B900AA1038 /* AMMenu.m */ = {isa = PBXFileReference; fileEncoding = 4; lastKnownFileType = sourcecode.c.objc; path = AMMenu.m; sourceTree = "<group>"; };
		710AD72718A026CC00AA1038 /* AMMenuSection.h */ = {isa = PBXFileReference; fileEncoding = 4; lastKnownFileType = sourcecode.c.h; path = AMMenuSection.h; sourceTree = "<group>"; };
		710AD72818A026CC00AA1038 /* AMMenuSection.m */ = {isa = PBXFileReference; fileEncoding = 4; lastKnownFileType = sourcecode.c.objc; path = AMMenuSection.m; sourceTree = "<group>"; };
		710AD72A18A026D600AA1038 /* AMMenuItem.h */ = {isa = PBXFileReference; fileEncoding = 4; lastKnownFileType = sourcecode.c.h; path = AMMenuItem.h; sourceTree = "<group>"; };
		710AD72B18A026D600AA1038 /* AMMenuItem.m */ = {isa = PBXFileReference; fileEncoding = 4; lastKnownFileType = sourcecode.c.objc; path = AMMenuItem.m; sourceTree = "<group>"; };
		71115C4B190224EF000E87C4 /* AMClient+Order.h */ = {isa = PBXFileReference; fileEncoding = 4; lastKnownFileType = sourcecode.c.h; path = "AMClient+Order.h"; sourceTree = "<group>"; };
		71115C4C190224EF000E87C4 /* AMClient+Order.m */ = {isa = PBXFileReference; fileEncoding = 4; lastKnownFileType = sourcecode.c.objc; path = "AMClient+Order.m"; sourceTree = "<group>"; };
		71115C4E190224F6000E87C4 /* AMClient+OrderItem.h */ = {isa = PBXFileReference; fileEncoding = 4; lastKnownFileType = sourcecode.c.h; path = "AMClient+OrderItem.h"; sourceTree = "<group>"; };
		71115C4F190224F6000E87C4 /* AMClient+OrderItem.m */ = {isa = PBXFileReference; fileEncoding = 4; lastKnownFileType = sourcecode.c.objc; path = "AMClient+OrderItem.m"; sourceTree = "<group>"; };
		71115C5119022516000E87C4 /* AMClient+StaffKind.h */ = {isa = PBXFileReference; fileEncoding = 4; lastKnownFileType = sourcecode.c.h; path = "AMClient+StaffKind.h"; sourceTree = "<group>"; };
		71115C5219022516000E87C4 /* AMClient+StaffKind.m */ = {isa = PBXFileReference; fileEncoding = 4; lastKnownFileType = sourcecode.c.objc; path = "AMClient+StaffKind.m"; sourceTree = "<group>"; };
		71115C5419022521000E87C4 /* AMClient+StaffMember.h */ = {isa = PBXFileReference; fileEncoding = 4; lastKnownFileType = sourcecode.c.h; path = "AMClient+StaffMember.h"; sourceTree = "<group>"; };
		71115C5519022521000E87C4 /* AMClient+StaffMember.m */ = {isa = PBXFileReference; fileEncoding = 4; lastKnownFileType = sourcecode.c.objc; path = "AMClient+StaffMember.m"; sourceTree = "<group>"; };
		71115C5719022A3E000E87C4 /* AMClientOrderTests.m */ = {isa = PBXFileReference; fileEncoding = 4; lastKnownFileType = sourcecode.c.objc; path = AMClientOrderTests.m; sourceTree = "<group>"; };
		71115C5919022A4B000E87C4 /* AMClientOrderItemTests.m */ = {isa = PBXFileReference; fileEncoding = 4; lastKnownFileType = sourcecode.c.objc; path = AMClientOrderItemTests.m; sourceTree = "<group>"; };
		71115C5B19022A56000E87C4 /* AMClientStaffKindTests.m */ = {isa = PBXFileReference; fileEncoding = 4; lastKnownFileType = sourcecode.c.objc; path = AMClientStaffKindTests.m; sourceTree = "<group>"; };
		71115C5D19022A6C000E87C4 /* AMClientStaffMemberTests.m */ = {isa = PBXFileReference; fileEncoding = 4; lastKnownFileType = sourcecode.c.objc; path = AMClientStaffMemberTests.m; sourceTree = "<group>"; };
		71173F9F18A067F400DF24EB /* NSDateFormatter+AirMenuTimestamp.h */ = {isa = PBXFileReference; fileEncoding = 4; lastKnownFileType = sourcecode.c.h; path = "NSDateFormatter+AirMenuTimestamp.h"; sourceTree = "<group>"; };
		71173FA018A067F400DF24EB /* NSNumberFormatter+AirMenuNumberFormat.m */ = {isa = PBXFileReference; fileEncoding = 4; lastKnownFileType = sourcecode.c.objc; path = "NSNumberFormatter+AirMenuNumberFormat.m"; sourceTree = "<group>"; };
		71173FA318A06AF300DF24EB /* AMAddressTests.m */ = {isa = PBXFileReference; fileEncoding = 4; lastKnownFileType = sourcecode.c.objc; path = AMAddressTests.m; sourceTree = "<group>"; };
		71173FA518A17BAB00DF24EB /* AMMenuItemTests.m */ = {isa = PBXFileReference; fileEncoding = 4; lastKnownFileType = sourcecode.c.objc; path = AMMenuItemTests.m; sourceTree = "<group>"; };
		7119582118FADAA30065BB3A /* AMOrder.h */ = {isa = PBXFileReference; fileEncoding = 4; lastKnownFileType = sourcecode.c.h; path = AMOrder.h; sourceTree = "<group>"; };
		7119582218FADAA30065BB3A /* AMOrder.m */ = {isa = PBXFileReference; fileEncoding = 4; lastKnownFileType = sourcecode.c.objc; path = AMOrder.m; sourceTree = "<group>"; };
		7119582418FADAB10065BB3A /* AMOrderItem.h */ = {isa = PBXFileReference; fileEncoding = 4; lastKnownFileType = sourcecode.c.h; path = AMOrderItem.h; sourceTree = "<group>"; };
		7119582518FADAB10065BB3A /* AMOrderItem.m */ = {isa = PBXFileReference; fileEncoding = 4; lastKnownFileType = sourcecode.c.objc; path = AMOrderItem.m; sourceTree = "<group>"; };
		7119582718FADB070065BB3A /* AMStaffKind.h */ = {isa = PBXFileReference; fileEncoding = 4; lastKnownFileType = sourcecode.c.h; path = AMStaffKind.h; sourceTree = "<group>"; };
		7119582818FADB070065BB3A /* AMStaffKind.m */ = {isa = PBXFileReference; fileEncoding = 4; lastKnownFileType = sourcecode.c.objc; path = AMStaffKind.m; sourceTree = "<group>"; };
		7119582A18FADB450065BB3A /* AMStaffMember.h */ = {isa = PBXFileReference; fileEncoding = 4; lastKnownFileType = sourcecode.c.h; path = AMStaffMember.h; sourceTree = "<group>"; };
		7119582B18FADB450065BB3A /* AMStaffMember.m */ = {isa = PBXFileReference; fileEncoding = 4; lastKnownFileType = sourcecode.c.objc; path = AMStaffMember.m; sourceTree = "<group>"; };
		7119582D18FADBA60065BB3A /* AMDevice.h */ = {isa = PBXFileReference; fileEncoding = 4; lastKnownFileType = sourcecode.c.h; path = AMDevice.h; sourceTree = "<group>"; };
		7119582E18FADBA60065BB3A /* AMDevice.m */ = {isa = PBXFileReference; fileEncoding = 4; lastKnownFileType = sourcecode.c.objc; path = AMDevice.m; sourceTree = "<group>"; };
		7119583018FADBBD0065BB3A /* AMNotification.h */ = {isa = PBXFileReference; fileEncoding = 4; lastKnownFileType = sourcecode.c.h; path = AMNotification.h; sourceTree = "<group>"; };
		7119583118FADBBD0065BB3A /* AMNotification.m */ = {isa = PBXFileReference; fileEncoding = 4; lastKnownFileType = sourcecode.c.objc; path = AMNotification.m; sourceTree = "<group>"; };
		7119583318FADBD90065BB3A /* AMGroup.h */ = {isa = PBXFileReference; fileEncoding = 4; lastKnownFileType = sourcecode.c.h; path = AMGroup.h; sourceTree = "<group>"; };
		7119583418FADBD90065BB3A /* AMGroup.m */ = {isa = PBXFileReference; fileEncoding = 4; lastKnownFileType = sourcecode.c.objc; path = AMGroup.m; sourceTree = "<group>"; };
		7119583618FADC780065BB3A /* AMGroupTests.m */ = {isa = PBXFileReference; fileEncoding = 4; lastKnownFileType = sourcecode.c.objc; path = AMGroupTests.m; sourceTree = "<group>"; };
		7119583818FADC830065BB3A /* AMOrderTests.m */ = {isa = PBXFileReference; fileEncoding = 4; lastKnownFileType = sourcecode.c.objc; path = AMOrderTests.m; sourceTree = "<group>"; };
		7119583A18FADCA00065BB3A /* AMOrderItemTests.m */ = {isa = PBXFileReference; fileEncoding = 4; lastKnownFileType = sourcecode.c.objc; path = AMOrderItemTests.m; sourceTree = "<group>"; };
		7119583C18FADFD80065BB3A /* AMStaffKindTests.m */ = {isa = PBXFileReference; fileEncoding = 4; lastKnownFileType = sourcecode.c.objc; path = AMStaffKindTests.m; sourceTree = "<group>"; };
		7119583E18FADFE40065BB3A /* AMStaffMemberTests.m */ = {isa = PBXFileReference; fileEncoding = 4; lastKnownFileType = sourcecode.c.objc; path = AMStaffMemberTests.m; sourceTree = "<group>"; };
		7119584018FAE0060065BB3A /* AMDeviceTests.m */ = {isa = PBXFileReference; fileEncoding = 4; lastKnownFileType = sourcecode.c.objc; path = AMDeviceTests.m; sourceTree = "<group>"; };
		7119584218FAE0290065BB3A /* AMNotificationTests.m */ = {isa = PBXFileReference; fileEncoding = 4; lastKnownFileType = sourcecode.c.objc; path = AMNotificationTests.m; sourceTree = "<group>"; };
		7132E44A1848EA8A00B2E356 /* libAirMenuKit.a */ = {isa = PBXFileReference; explicitFileType = archive.ar; includeInIndex = 0; path = libAirMenuKit.a; sourceTree = BUILT_PRODUCTS_DIR; };
		7132E44D1848EA8A00B2E356 /* Foundation.framework */ = {isa = PBXFileReference; lastKnownFileType = wrapper.framework; name = Foundation.framework; path = System/Library/Frameworks/Foundation.framework; sourceTree = SDKROOT; };
		7132E45A1848EA8A00B2E356 /* AirMenuKitTests.xctest */ = {isa = PBXFileReference; explicitFileType = wrapper.cfbundle; includeInIndex = 0; path = AirMenuKitTests.xctest; sourceTree = BUILT_PRODUCTS_DIR; };
		7132E45B1848EA8A00B2E356 /* XCTest.framework */ = {isa = PBXFileReference; lastKnownFileType = wrapper.framework; name = XCTest.framework; path = Library/Frameworks/XCTest.framework; sourceTree = DEVELOPER_DIR; };
		7132E45E1848EA8A00B2E356 /* UIKit.framework */ = {isa = PBXFileReference; lastKnownFileType = wrapper.framework; name = UIKit.framework; path = Library/Frameworks/UIKit.framework; sourceTree = DEVELOPER_DIR; };
		7132E4651848EA8A00B2E356 /* AirMenuKitTests-Info.plist */ = {isa = PBXFileReference; lastKnownFileType = text.plist.xml; path = "AirMenuKitTests-Info.plist"; sourceTree = "<group>"; };
		7132E4671848EA8A00B2E356 /* en */ = {isa = PBXFileReference; lastKnownFileType = text.plist.strings; name = en; path = en.lproj/InfoPlist.strings; sourceTree = "<group>"; };
		713F323F18FB423E004E2F1F /* order_item.json */ = {isa = PBXFileReference; fileEncoding = 4; lastKnownFileType = text.json; path = order_item.json; sourceTree = "<group>"; };
		713F324118FB427C004E2F1F /* order.json */ = {isa = PBXFileReference; fileEncoding = 4; lastKnownFileType = text.json; path = order.json; sourceTree = "<group>"; };
		713F953118A0328400623CA8 /* AMCompanyTests.m */ = {isa = PBXFileReference; fileEncoding = 4; lastKnownFileType = sourcecode.c.objc; path = AMCompanyTests.m; sourceTree = "<group>"; };
		713F953918A040F500623CA8 /* AMAddress.h */ = {isa = PBXFileReference; fileEncoding = 4; lastKnownFileType = sourcecode.c.h; path = AMAddress.h; sourceTree = "<group>"; };
		713F953A18A040F500623CA8 /* AMAddress.m */ = {isa = PBXFileReference; fileEncoding = 4; lastKnownFileType = sourcecode.c.objc; path = AMAddress.m; sourceTree = "<group>"; };
		71496A8E18CD340E00045AFD /* AMUser.h */ = {isa = PBXFileReference; fileEncoding = 4; lastKnownFileType = sourcecode.c.h; path = AMUser.h; sourceTree = "<group>"; };
		71496A8F18CD340E00045AFD /* AMUser.m */ = {isa = PBXFileReference; fileEncoding = 4; lastKnownFileType = sourcecode.c.objc; path = AMUser.m; sourceTree = "<group>"; };
		71496A9118CD342100045AFD /* AMUserTests.m */ = {isa = PBXFileReference; fileEncoding = 4; lastKnownFileType = sourcecode.c.objc; path = AMUserTests.m; sourceTree = "<group>"; };
		71496A9318CD3E7500045AFD /* me.json */ = {isa = PBXFileReference; fileEncoding = 4; lastKnownFileType = text.json; path = me.json; sourceTree = "<group>"; };
		71496A9518CD3E7E00045AFD /* user.json */ = {isa = PBXFileReference; fileEncoding = 4; lastKnownFileType = text.json; path = user.json; sourceTree = "<group>"; };
		71496A9718CD40C800045AFD /* AMClient+User.h */ = {isa = PBXFileReference; fileEncoding = 4; lastKnownFileType = sourcecode.c.h; path = "AMClient+User.h"; sourceTree = "<group>"; };
		71496A9818CD40C800045AFD /* AMClient+User.m */ = {isa = PBXFileReference; fileEncoding = 4; lastKnownFileType = sourcecode.c.objc; path = "AMClient+User.m"; sourceTree = "<group>"; };
		71496A9A18CD420500045AFD /* AMClientUserTests.m */ = {isa = PBXFileReference; fileEncoding = 4; lastKnownFileType = sourcecode.c.objc; path = AMClientUserTests.m; sourceTree = "<group>"; };
		714C068618B538A9004EAD04 /* TestToolBox.h */ = {isa = PBXFileReference; fileEncoding = 4; lastKnownFileType = sourcecode.c.h; path = TestToolBox.h; sourceTree = "<group>"; };
		714C068718B538A9004EAD04 /* TestToolBox.m */ = {isa = PBXFileReference; fileEncoding = 4; lastKnownFileType = sourcecode.c.objc; path = TestToolBox.m; sourceTree = "<group>"; };
		714C068918B55982004EAD04 /* restaurant.json */ = {isa = PBXFileReference; fileEncoding = 4; lastKnownFileType = text.json; path = restaurant.json; sourceTree = "<group>"; };
		71600A1B18B5069F00DFB9B6 /* AMClientCompanyTests.m */ = {isa = PBXFileReference; fileEncoding = 4; lastKnownFileType = sourcecode.c.objc; path = AMClientCompanyTests.m; sourceTree = "<group>"; };
		71600A1D18B506F000DFB9B6 /* company.json */ = {isa = PBXFileReference; fileEncoding = 4; lastKnownFileType = text.json; path = company.json; sourceTree = "<group>"; };
		716863B718B8F012005D68B3 /* menu.json */ = {isa = PBXFileReference; fileEncoding = 4; lastKnownFileType = text.json; path = menu.json; sourceTree = "<group>"; };
		716863B918B90C55005D68B3 /* AMClientMenuTests.m */ = {isa = PBXFileReference; fileEncoding = 4; lastKnownFileType = sourcecode.c.objc; path = AMClientMenuTests.m; sourceTree = "<group>"; };
		716863BB18B927DC005D68B3 /* menu_section.json */ = {isa = PBXFileReference; fileEncoding = 4; lastKnownFileType = text.json; path = menu_section.json; sourceTree = "<group>"; };
		716863BD18B927E6005D68B3 /* menu_sections.json */ = {isa = PBXFileReference; fileEncoding = 4; lastKnownFileType = text.json; path = menu_sections.json; sourceTree = "<group>"; };
		716863BF18B9388D005D68B3 /* AMClientMenuSectionTests.m */ = {isa = PBXFileReference; fileEncoding = 4; lastKnownFileType = sourcecode.c.objc; path = AMClientMenuSectionTests.m; sourceTree = "<group>"; };
		716863C118B93C26005D68B3 /* menu_item.json */ = {isa = PBXFileReference; fileEncoding = 4; lastKnownFileType = text.json; path = menu_item.json; sourceTree = "<group>"; };
		716863C318B93C31005D68B3 /* menu_items.json */ = {isa = PBXFileReference; fileEncoding = 4; lastKnownFileType = text.json; path = menu_items.json; sourceTree = "<group>"; };
		716863C518B94FA1005D68B3 /* AMClientMenuItemTests.m */ = {isa = PBXFileReference; fileEncoding = 4; lastKnownFileType = sourcecode.c.objc; path = AMClientMenuItemTests.m; sourceTree = "<group>"; };
		716C572F18A1969400D95228 /* NSNumberFormatter+AirMenuNumberFormat.h */ = {isa = PBXFileReference; fileEncoding = 4; lastKnownFileType = sourcecode.c.h; path = "NSNumberFormatter+AirMenuNumberFormat.h"; sourceTree = "<group>"; };
		716C573218A197C800D95228 /* NSDateFormatter+AirMenuTimestamp.m */ = {isa = PBXFileReference; fileEncoding = 4; lastKnownFileType = sourcecode.c.objc; path = "NSDateFormatter+AirMenuTimestamp.m"; sourceTree = "<group>"; };
		716C573418A1A40D00D95228 /* AMMenuSectionTests.m */ = {isa = PBXFileReference; fileEncoding = 4; lastKnownFileType = sourcecode.c.objc; path = AMMenuSectionTests.m; sourceTree = "<group>"; };
		716C573618A1BEB800D95228 /* AMMenuTests.m */ = {isa = PBXFileReference; fileEncoding = 4; lastKnownFileType = sourcecode.c.objc; path = AMMenuTests.m; sourceTree = "<group>"; };
		71710E6318A436C200A2390B /* AMRestaurantTests.m */ = {isa = PBXFileReference; fileEncoding = 4; lastKnownFileType = sourcecode.c.objc; path = AMRestaurantTests.m; sourceTree = "<group>"; };
		7174341818AA76C200A83C61 /* AMOAuthToken.h */ = {isa = PBXFileReference; fileEncoding = 4; lastKnownFileType = sourcecode.c.h; path = AMOAuthToken.h; sourceTree = "<group>"; };
		7174341918AA76C200A83C61 /* AMOAuthToken.m */ = {isa = PBXFileReference; fileEncoding = 4; lastKnownFileType = sourcecode.c.objc; path = AMOAuthToken.m; sourceTree = "<group>"; };
		7174C17D18FAEB6100A9F2B5 /* libPods.a */ = {isa = PBXFileReference; lastKnownFileType = archive.ar; name = libPods.a; path = "Pods/build/Debug-iphoneos/libPods.a"; sourceTree = "<group>"; };
		717DFD6418DA6357003D6609 /* AirMenuKit.h */ = {isa = PBXFileReference; lastKnownFileType = sourcecode.c.h; path = AirMenuKit.h; sourceTree = "<group>"; };
		71A0D3A018AC33220070465E /* AMClient+Company.h */ = {isa = PBXFileReference; fileEncoding = 4; lastKnownFileType = sourcecode.c.h; path = "AMClient+Company.h"; sourceTree = "<group>"; };
		71A0D3A118AC33220070465E /* AMClient+Company.m */ = {isa = PBXFileReference; fileEncoding = 4; lastKnownFileType = sourcecode.c.objc; path = "AMClient+Company.m"; sourceTree = "<group>"; };
		71A0D3A318AC33280070465E /* AMClient+Restaurant.h */ = {isa = PBXFileReference; fileEncoding = 4; lastKnownFileType = sourcecode.c.h; path = "AMClient+Restaurant.h"; sourceTree = "<group>"; };
		71A0D3A418AC33280070465E /* AMClient+Restaurant.m */ = {isa = PBXFileReference; fileEncoding = 4; lastKnownFileType = sourcecode.c.objc; path = "AMClient+Restaurant.m"; sourceTree = "<group>"; };
		71A0D3A618AC33310070465E /* AMClient+Menu.h */ = {isa = PBXFileReference; fileEncoding = 4; lastKnownFileType = sourcecode.c.h; path = "AMClient+Menu.h"; sourceTree = "<group>"; };
		71A0D3A718AC33310070465E /* AMClient+Menu.m */ = {isa = PBXFileReference; fileEncoding = 4; lastKnownFileType = sourcecode.c.objc; path = "AMClient+Menu.m"; sourceTree = "<group>"; };
		71A0D3A918AC33390070465E /* AMClient+MenuSection.h */ = {isa = PBXFileReference; fileEncoding = 4; lastKnownFileType = sourcecode.c.h; path = "AMClient+MenuSection.h"; sourceTree = "<group>"; };
		71A0D3AA18AC33390070465E /* AMClient+MenuSection.m */ = {isa = PBXFileReference; fileEncoding = 4; lastKnownFileType = sourcecode.c.objc; path = "AMClient+MenuSection.m"; sourceTree = "<group>"; };
		71A0D3AC18AC335E0070465E /* AMClient+MenuItem.h */ = {isa = PBXFileReference; fileEncoding = 4; lastKnownFileType = sourcecode.c.h; path = "AMClient+MenuItem.h"; sourceTree = "<group>"; };
		71A0D3AD18AC335E0070465E /* AMClient+MenuItem.m */ = {isa = PBXFileReference; fileEncoding = 4; lastKnownFileType = sourcecode.c.objc; path = "AMClient+MenuItem.m"; sourceTree = "<group>"; };
		71B2ABF818FDCA5300238DC1 /* AMClient+Group.h */ = {isa = PBXFileReference; fileEncoding = 4; lastKnownFileType = sourcecode.c.h; path = "AMClient+Group.h"; sourceTree = "<group>"; };
		71B2ABF918FDCA5300238DC1 /* AMClient+Group.m */ = {isa = PBXFileReference; fileEncoding = 4; lastKnownFileType = sourcecode.c.objc; path = "AMClient+Group.m"; sourceTree = "<group>"; };
		71B2ABFB18FDDA2000238DC1 /* AMClientGroupTests.m */ = {isa = PBXFileReference; fileEncoding = 4; lastKnownFileType = sourcecode.c.objc; path = AMClientGroupTests.m; sourceTree = "<group>"; };
		71DBA7C418BAC978001CBC32 /* access_token.json */ = {isa = PBXFileReference; fileEncoding = 4; lastKnownFileType = text.json; path = access_token.json; sourceTree = "<group>"; };
		71DC140D18FB60C1001C8185 /* devices.json */ = {isa = PBXFileReference; fileEncoding = 4; lastKnownFileType = text.json; path = devices.json; sourceTree = "<group>"; };
		71DC140F18FB60DF001C8185 /* device.json */ = {isa = PBXFileReference; fileEncoding = 4; lastKnownFileType = text.json; path = device.json; sourceTree = "<group>"; };
		71DC141118FB716F001C8185 /* notifications.json */ = {isa = PBXFileReference; fileEncoding = 4; lastKnownFileType = text.json; path = notifications.json; sourceTree = "<group>"; };
		71DC141318FB723F001C8185 /* notification.json */ = {isa = PBXFileReference; fileEncoding = 4; lastKnownFileType = text.json; path = notification.json; sourceTree = "<group>"; };
		71DC141518FB7281001C8185 /* order_items.json */ = {isa = PBXFileReference; fileEncoding = 4; lastKnownFileType = text.json; path = order_items.json; sourceTree = "<group>"; };
		71DC141718FB74EB001C8185 /* orders.json */ = {isa = PBXFileReference; fileEncoding = 4; lastKnownFileType = text.json; path = orders.json; sourceTree = "<group>"; };
		71DC141918FB9D6D001C8185 /* staff_kind.json */ = {isa = PBXFileReference; fileEncoding = 4; lastKnownFileType = text.json; path = staff_kind.json; sourceTree = "<group>"; };
		71DC141B18FB9DC4001C8185 /* staff_kinds.json */ = {isa = PBXFileReference; fileEncoding = 4; lastKnownFileType = text.json; path = staff_kinds.json; sourceTree = "<group>"; };
		71E3FD7A18AA784700BD00C2 /* AMOAuthTokenTests.m */ = {isa = PBXFileReference; fileEncoding = 4; lastKnownFileType = sourcecode.c.objc; path = AMOAuthTokenTests.m; sourceTree = "<group>"; };
		71E3FD7C18AACB6F00BD00C2 /* AMOAuthApplication.h */ = {isa = PBXFileReference; fileEncoding = 4; lastKnownFileType = sourcecode.c.h; path = AMOAuthApplication.h; sourceTree = "<group>"; };
		71E3FD7D18AACB6F00BD00C2 /* AMOAuthApplication.m */ = {isa = PBXFileReference; fileEncoding = 4; lastKnownFileType = sourcecode.c.objc; path = AMOAuthApplication.m; sourceTree = "<group>"; };
		71E3FD7F18AACB8D00BD00C2 /* AMOAuthApplicationTests.m */ = {isa = PBXFileReference; fileEncoding = 4; lastKnownFileType = sourcecode.c.objc; path = AMOAuthApplicationTests.m; sourceTree = "<group>"; };
		71E3FD8718AB040A00BD00C2 /* AMClientTests.m */ = {isa = PBXFileReference; fileEncoding = 4; lastKnownFileType = sourcecode.c.objc; path = AMClientTests.m; sourceTree = "<group>"; };
		71E3FD8918AB10D200BD00C2 /* AMObjectBuilder.h */ = {isa = PBXFileReference; fileEncoding = 4; lastKnownFileType = sourcecode.c.h; path = AMObjectBuilder.h; sourceTree = "<group>"; };
		71E3FD8A18AB10D200BD00C2 /* AMObjectBuilder.m */ = {isa = PBXFileReference; fileEncoding = 4; lastKnownFileType = sourcecode.c.objc; path = AMObjectBuilder.m; sourceTree = "<group>"; };
		71E3FD8C18AC0C7000BD00C2 /* AMObjectBuilderTests.m */ = {isa = PBXFileReference; fileEncoding = 4; lastKnownFileType = sourcecode.c.objc; path = AMObjectBuilderTests.m; sourceTree = "<group>"; };
		71F3677618FD2D6500A6FE1E /* AMLocation.h */ = {isa = PBXFileReference; fileEncoding = 4; lastKnownFileType = sourcecode.c.h; path = AMLocation.h; sourceTree = "<group>"; };
		71F3677718FD2D6500A6FE1E /* AMLocation.m */ = {isa = PBXFileReference; fileEncoding = 4; lastKnownFileType = sourcecode.c.objc; path = AMLocation.m; sourceTree = "<group>"; };
		811AF5E1705D4DD596C51C97 /* Pods-AirMenuKitTests.xcconfig */ = {isa = PBXFileReference; includeInIndex = 1; lastKnownFileType = text.xcconfig; name = "Pods-AirMenuKitTests.xcconfig"; path = "Pods/Pods-AirMenuKitTests.xcconfig"; sourceTree = "<group>"; };
		C4D6450282584DFB83C8BE38 /* libPods-AirMenuKitTests.a */ = {isa = PBXFileReference; explicitFileType = archive.ar; includeInIndex = 0; path = "libPods-AirMenuKitTests.a"; sourceTree = BUILT_PRODUCTS_DIR; };
/* End PBXFileReference section */

/* Begin PBXFrameworksBuildPhase section */
		7132E4471848EA8A00B2E356 /* Frameworks */ = {
			isa = PBXFrameworksBuildPhase;
			buildActionMask = 2147483647;
			files = (
				7174C17E18FAEB6100A9F2B5 /* libPods.a in Frameworks */,
				7132E44E1848EA8A00B2E356 /* Foundation.framework in Frameworks */,
			);
			runOnlyForDeploymentPostprocessing = 0;
		};
		7132E4571848EA8A00B2E356 /* Frameworks */ = {
			isa = PBXFrameworksBuildPhase;
			buildActionMask = 2147483647;
			files = (
				7132E45C1848EA8A00B2E356 /* XCTest.framework in Frameworks */,
				7132E4621848EA8A00B2E356 /* libAirMenuKit.a in Frameworks */,
				7132E45D1848EA8A00B2E356 /* Foundation.framework in Frameworks */,
				35C6636F86084676A8F03BCF /* libPods-AirMenuKitTests.a in Frameworks */,
			);
			runOnlyForDeploymentPostprocessing = 0;
		};
/* End PBXFrameworksBuildPhase section */

/* Begin PBXGroup section */
		710AD713189F2F7600AA1038 /* Classes */ = {
			isa = PBXGroup;
			children = (
				717DFD6418DA6357003D6609 /* AirMenuKit.h */,
				710AD714189F2FBE00AA1038 /* AirMenuKit-Prefix.pch */,
				71E3FD8118AAF0A500BD00C2 /* General */,
				710AD71A189FDF1C00AA1038 /* Models */,
				710AD719189FDF1400AA1038 /* Networking */,
			);
			name = Classes;
			path = ../Classes;
			sourceTree = "<group>";
		};
		710AD719189FDF1400AA1038 /* Networking */ = {
			isa = PBXGroup;
			children = (
				71A0D39F18AC32540070465E /* Model Additions */,
				710AD71B189FDF6400AA1038 /* AMClient.h */,
				710AD71C189FDF6400AA1038 /* AMClient.m */,
				7174341818AA76C200A83C61 /* AMOAuthToken.h */,
				7174341918AA76C200A83C61 /* AMOAuthToken.m */,
				71E3FD7C18AACB6F00BD00C2 /* AMOAuthApplication.h */,
				71E3FD7D18AACB6F00BD00C2 /* AMOAuthApplication.m */,
				71E3FD8918AB10D200BD00C2 /* AMObjectBuilder.h */,
				71E3FD8A18AB10D200BD00C2 /* AMObjectBuilder.m */,
			);
			path = Networking;
			sourceTree = "<group>";
		};
		710AD71A189FDF1C00AA1038 /* Models */ = {
			isa = PBXGroup;
			children = (
				71173FA218A0682300DF24EB /* Miscellaneous */,
				713F953918A040F500623CA8 /* AMAddress.h */,
				713F953A18A040F500623CA8 /* AMAddress.m */,
				710AD71E18A0268800AA1038 /* AMCompany.h */,
				710AD71F18A0268800AA1038 /* AMCompany.m */,
				710AD72118A0269F00AA1038 /* AMRestaurant.h */,
				710AD72218A0269F00AA1038 /* AMRestaurant.m */,
				710AD72418A026B900AA1038 /* AMMenu.h */,
				710AD72518A026B900AA1038 /* AMMenu.m */,
				710AD72718A026CC00AA1038 /* AMMenuSection.h */,
				710AD72818A026CC00AA1038 /* AMMenuSection.m */,
				710AD72A18A026D600AA1038 /* AMMenuItem.h */,
				710AD72B18A026D600AA1038 /* AMMenuItem.m */,
				71496A8E18CD340E00045AFD /* AMUser.h */,
				71496A8F18CD340E00045AFD /* AMUser.m */,
				7119583318FADBD90065BB3A /* AMGroup.h */,
				7119583418FADBD90065BB3A /* AMGroup.m */,
				7119582118FADAA30065BB3A /* AMOrder.h */,
				7119582218FADAA30065BB3A /* AMOrder.m */,
				7119582418FADAB10065BB3A /* AMOrderItem.h */,
				7119582518FADAB10065BB3A /* AMOrderItem.m */,
				7119582718FADB070065BB3A /* AMStaffKind.h */,
				7119582818FADB070065BB3A /* AMStaffKind.m */,
				7119582A18FADB450065BB3A /* AMStaffMember.h */,
				7119582B18FADB450065BB3A /* AMStaffMember.m */,
				7119582D18FADBA60065BB3A /* AMDevice.h */,
				7119582E18FADBA60065BB3A /* AMDevice.m */,
				7119583018FADBBD0065BB3A /* AMNotification.h */,
				7119583118FADBBD0065BB3A /* AMNotification.m */,
			);
			path = Models;
			sourceTree = "<group>";
		};
		71173FA218A0682300DF24EB /* Miscellaneous */ = {
			isa = PBXGroup;
			children = (
				71173F9F18A067F400DF24EB /* NSDateFormatter+AirMenuTimestamp.h */,
				716C573218A197C800D95228 /* NSDateFormatter+AirMenuTimestamp.m */,
				716C572F18A1969400D95228 /* NSNumberFormatter+AirMenuNumberFormat.h */,
				71173FA018A067F400DF24EB /* NSNumberFormatter+AirMenuNumberFormat.m */,
				71F3677618FD2D6500A6FE1E /* AMLocation.h */,
				71F3677718FD2D6500A6FE1E /* AMLocation.m */,
			);
			path = Miscellaneous;
			sourceTree = "<group>";
		};
		7132E4411848EA8A00B2E356 = {
			isa = PBXGroup;
			children = (
				710AD713189F2F7600AA1038 /* Classes */,
				7132E4631848EA8A00B2E356 /* AirMenuKitTests */,
				7132E44C1848EA8A00B2E356 /* Frameworks */,
				7132E44B1848EA8A00B2E356 /* Products */,
				5144A829ACC149479E467E2A /* Pods.xcconfig */,
				811AF5E1705D4DD596C51C97 /* Pods-AirMenuKitTests.xcconfig */,
			);
			sourceTree = "<group>";
		};
		7132E44B1848EA8A00B2E356 /* Products */ = {
			isa = PBXGroup;
			children = (
				7132E44A1848EA8A00B2E356 /* libAirMenuKit.a */,
				7132E45A1848EA8A00B2E356 /* AirMenuKitTests.xctest */,
			);
			name = Products;
			sourceTree = "<group>";
		};
		7132E44C1848EA8A00B2E356 /* Frameworks */ = {
			isa = PBXGroup;
			children = (
				7174C17D18FAEB6100A9F2B5 /* libPods.a */,
				7132E44D1848EA8A00B2E356 /* Foundation.framework */,
				7132E45B1848EA8A00B2E356 /* XCTest.framework */,
				7132E45E1848EA8A00B2E356 /* UIKit.framework */,
				00826E59288A4EBC8E2108B7 /* libPods.a */,
				C4D6450282584DFB83C8BE38 /* libPods-AirMenuKitTests.a */,
			);
			name = Frameworks;
			sourceTree = "<group>";
		};
		7132E4631848EA8A00B2E356 /* AirMenuKitTests */ = {
			isa = PBXGroup;
			children = (
				714C068618B538A9004EAD04 /* TestToolBox.h */,
				714C068718B538A9004EAD04 /* TestToolBox.m */,
				71E3FD7918AA771600BD00C2 /* Netowrking */,
				71E3FD7818AA771100BD00C2 /* Models */,
				7132E4641848EA8A00B2E356 /* Supporting Files */,
			);
			path = AirMenuKitTests;
			sourceTree = "<group>";
		};
		7132E4641848EA8A00B2E356 /* Supporting Files */ = {
			isa = PBXGroup;
			children = (
				7132E4651848EA8A00B2E356 /* AirMenuKitTests-Info.plist */,
				7132E4661848EA8A00B2E356 /* InfoPlist.strings */,
			);
			name = "Supporting Files";
			sourceTree = "<group>";
		};
		71A0D39F18AC32540070465E /* Model Additions */ = {
			isa = PBXGroup;
			children = (
				71A0D3A018AC33220070465E /* AMClient+Company.h */,
				71A0D3A118AC33220070465E /* AMClient+Company.m */,
				71A0D3A318AC33280070465E /* AMClient+Restaurant.h */,
				71A0D3A418AC33280070465E /* AMClient+Restaurant.m */,
				71A0D3A618AC33310070465E /* AMClient+Menu.h */,
				71A0D3A718AC33310070465E /* AMClient+Menu.m */,
				71A0D3A918AC33390070465E /* AMClient+MenuSection.h */,
				71A0D3AA18AC33390070465E /* AMClient+MenuSection.m */,
				71A0D3AC18AC335E0070465E /* AMClient+MenuItem.h */,
				71A0D3AD18AC335E0070465E /* AMClient+MenuItem.m */,
				71496A9718CD40C800045AFD /* AMClient+User.h */,
				71496A9818CD40C800045AFD /* AMClient+User.m */,
				71B2ABF818FDCA5300238DC1 /* AMClient+Group.h */,
				71B2ABF918FDCA5300238DC1 /* AMClient+Group.m */,
				71115C4B190224EF000E87C4 /* AMClient+Order.h */,
				71115C4C190224EF000E87C4 /* AMClient+Order.m */,
				71115C4E190224F6000E87C4 /* AMClient+OrderItem.h */,
				71115C4F190224F6000E87C4 /* AMClient+OrderItem.m */,
				71115C5119022516000E87C4 /* AMClient+StaffKind.h */,
				71115C5219022516000E87C4 /* AMClient+StaffKind.m */,
				71115C5419022521000E87C4 /* AMClient+StaffMember.h */,
				71115C5519022521000E87C4 /* AMClient+StaffMember.m */,
			);
			path = "Model Additions";
			sourceTree = "<group>";
		};
		71E3FD7818AA771100BD00C2 /* Models */ = {
			isa = PBXGroup;
			children = (
				713F953118A0328400623CA8 /* AMCompanyTests.m */,
				71173FA318A06AF300DF24EB /* AMAddressTests.m */,
				71173FA518A17BAB00DF24EB /* AMMenuItemTests.m */,
				716C573418A1A40D00D95228 /* AMMenuSectionTests.m */,
				716C573618A1BEB800D95228 /* AMMenuTests.m */,
				71710E6318A436C200A2390B /* AMRestaurantTests.m */,
				7119583818FADC830065BB3A /* AMOrderTests.m */,
				7119583A18FADCA00065BB3A /* AMOrderItemTests.m */,
				71496A9118CD342100045AFD /* AMUserTests.m */,
				7119583618FADC780065BB3A /* AMGroupTests.m */,
				7119583C18FADFD80065BB3A /* AMStaffKindTests.m */,
				7119583E18FADFE40065BB3A /* AMStaffMemberTests.m */,
				7119584018FAE0060065BB3A /* AMDeviceTests.m */,
				7119584218FAE0290065BB3A /* AMNotificationTests.m */,
			);
			path = Models;
			sourceTree = "<group>";
		};
		71E3FD7918AA771600BD00C2 /* Netowrking */ = {
			isa = PBXGroup;
			children = (
				71E3FD8E18AC18C400BD00C2 /* JSON Responses */,
				71E3FD7A18AA784700BD00C2 /* AMOAuthTokenTests.m */,
				71E3FD7F18AACB8D00BD00C2 /* AMOAuthApplicationTests.m */,
				71E3FD8C18AC0C7000BD00C2 /* AMObjectBuilderTests.m */,
				71E3FD8718AB040A00BD00C2 /* AMClientTests.m */,
				71600A1B18B5069F00DFB9B6 /* AMClientCompanyTests.m */,
				7108ADA018B5846400A413DA /* AMClientRestaurantTests.m */,
				716863B918B90C55005D68B3 /* AMClientMenuTests.m */,
				716863BF18B9388D005D68B3 /* AMClientMenuSectionTests.m */,
				716863C518B94FA1005D68B3 /* AMClientMenuItemTests.m */,
				71496A9A18CD420500045AFD /* AMClientUserTests.m */,
				71B2ABFB18FDDA2000238DC1 /* AMClientGroupTests.m */,
				71115C5719022A3E000E87C4 /* AMClientOrderTests.m */,
				71115C5919022A4B000E87C4 /* AMClientOrderItemTests.m */,
				71115C5B19022A56000E87C4 /* AMClientStaffKindTests.m */,
				71115C5D19022A6C000E87C4 /* AMClientStaffMemberTests.m */,
			);
			name = Netowrking;
			path = Networking;
			sourceTree = "<group>";
		};
		71E3FD8118AAF0A500BD00C2 /* General */ = {
			isa = PBXGroup;
			children = (
				7109CBF618DA58CC00D6003E /* NSArray+NullReplacement.h */,
				7109CBF718DA58CC00D6003E /* NSArray+NullReplacement.m */,
				7109CBF918DA58D300D6003E /* NSDictionary+NullReplacement.h */,
				7109CBFA18DA58D300D6003E /* NSDictionary+NullReplacement.m */,
			);
			path = General;
			sourceTree = "<group>";
		};
		71E3FD8E18AC18C400BD00C2 /* JSON Responses */ = {
			isa = PBXGroup;
			children = (
				71600A1D18B506F000DFB9B6 /* company.json */,
				714C068918B55982004EAD04 /* restaurant.json */,
				7108AD9E18B5741B00A413DA /* restaurants.json */,
				716863B718B8F012005D68B3 /* menu.json */,
				7108ADA218B8E8CE00A413DA /* menus.json */,
				716863BB18B927DC005D68B3 /* menu_section.json */,
				716863BD18B927E6005D68B3 /* menu_sections.json */,
				716863C118B93C26005D68B3 /* menu_item.json */,
				716863C318B93C31005D68B3 /* menu_items.json */,
				71DBA7C418BAC978001CBC32 /* access_token.json */,
				71496A9318CD3E7500045AFD /* me.json */,
				71496A9518CD3E7E00045AFD /* user.json */,
				713F323F18FB423E004E2F1F /* order_item.json */,
				71DC141518FB7281001C8185 /* order_items.json */,
				713F324118FB427C004E2F1F /* order.json */,
				71DC141718FB74EB001C8185 /* orders.json */,
				71DC140D18FB60C1001C8185 /* devices.json */,
				71DC140F18FB60DF001C8185 /* device.json */,
				710928A118FD4922009760F2 /* staff_member.json */,
				710928A318FD4931009760F2 /* staff_members.json */,
				71DC141118FB716F001C8185 /* notifications.json */,
				71DC141318FB723F001C8185 /* notification.json */,
				710928A518FD59DF009760F2 /* group.json */,
				710928A718FD59E7009760F2 /* groups.json */,
				71DC141918FB9D6D001C8185 /* staff_kind.json */,
				71DC141B18FB9DC4001C8185 /* staff_kinds.json */,
			);
			path = "JSON Responses";
			sourceTree = "<group>";
		};
/* End PBXGroup section */

/* Begin PBXNativeTarget section */
		7132E4491848EA8A00B2E356 /* AirMenuKit */ = {
			isa = PBXNativeTarget;
			buildConfigurationList = 7132E46D1848EA8A00B2E356 /* Build configuration list for PBXNativeTarget "AirMenuKit" */;
			buildPhases = (
				9645E939D5E24D57837285FB /* Check Pods Manifest.lock */,
				7132E4461848EA8A00B2E356 /* Sources */,
				7132E4471848EA8A00B2E356 /* Frameworks */,
				7132E4481848EA8A00B2E356 /* CopyFiles */,
				3C9A714644264696BB92482C /* Copy Pods Resources */,
			);
			buildRules = (
			);
			dependencies = (
			);
			name = AirMenuKit;
			productName = AirMenuKit;
			productReference = 7132E44A1848EA8A00B2E356 /* libAirMenuKit.a */;
			productType = "com.apple.product-type.library.static";
		};
		7132E4591848EA8A00B2E356 /* AirMenuKitTests */ = {
			isa = PBXNativeTarget;
			buildConfigurationList = 7132E4701848EA8A00B2E356 /* Build configuration list for PBXNativeTarget "AirMenuKitTests" */;
			buildPhases = (
				7BF244358E454485B49F99C6 /* Check Pods Manifest.lock */,
				7132E4561848EA8A00B2E356 /* Sources */,
				7132E4571848EA8A00B2E356 /* Frameworks */,
				7132E4581848EA8A00B2E356 /* Resources */,
				120A22AEFEE34588858AE33D /* Copy Pods Resources */,
			);
			buildRules = (
			);
			dependencies = (
				7132E4611848EA8A00B2E356 /* PBXTargetDependency */,
			);
			name = AirMenuKitTests;
			productName = AirMenuKitTests;
			productReference = 7132E45A1848EA8A00B2E356 /* AirMenuKitTests.xctest */;
			productType = "com.apple.product-type.bundle.unit-test";
		};
/* End PBXNativeTarget section */

/* Begin PBXProject section */
		7132E4421848EA8A00B2E356 /* Project object */ = {
			isa = PBXProject;
			attributes = {
				LastUpgradeCheck = 0510;
				ORGANIZATIONNAME = "air-menu";
			};
			buildConfigurationList = 7132E4451848EA8A00B2E356 /* Build configuration list for PBXProject "AirMenuKit" */;
			compatibilityVersion = "Xcode 3.2";
			developmentRegion = English;
			hasScannedForEncodings = 0;
			knownRegions = (
				en,
			);
			mainGroup = 7132E4411848EA8A00B2E356;
			productRefGroup = 7132E44B1848EA8A00B2E356 /* Products */;
			projectDirPath = "";
			projectRoot = "";
			targets = (
				7132E4491848EA8A00B2E356 /* AirMenuKit */,
				7132E4591848EA8A00B2E356 /* AirMenuKitTests */,
			);
		};
/* End PBXProject section */

/* Begin PBXResourcesBuildPhase section */
		7132E4581848EA8A00B2E356 /* Resources */ = {
			isa = PBXResourcesBuildPhase;
			buildActionMask = 2147483647;
			files = (
				71DC141018FB60DF001C8185 /* device.json in Resources */,
				7108ADA318B8E8CE00A413DA /* menus.json in Resources */,
				716863C218B93C26005D68B3 /* menu_item.json in Resources */,
				714C068A18B55982004EAD04 /* restaurant.json in Resources */,
				710928A218FD4922009760F2 /* staff_member.json in Resources */,
				716863C418B93C31005D68B3 /* menu_items.json in Resources */,
				71DBA7C518BAC978001CBC32 /* access_token.json in Resources */,
				71DC141C18FB9DC4001C8185 /* staff_kinds.json in Resources */,
				713F324018FB423E004E2F1F /* order_item.json in Resources */,
				716863BC18B927DC005D68B3 /* menu_section.json in Resources */,
				71DC140E18FB60C1001C8185 /* devices.json in Resources */,
				71DC141818FB74EB001C8185 /* orders.json in Resources */,
				71DC141A18FB9D6D001C8185 /* staff_kind.json in Resources */,
				7108AD9F18B5741B00A413DA /* restaurants.json in Resources */,
				713F324218FB427C004E2F1F /* order.json in Resources */,
				71DC141418FB723F001C8185 /* notification.json in Resources */,
				710928A418FD4931009760F2 /* staff_members.json in Resources */,
				7132E4681848EA8A00B2E356 /* InfoPlist.strings in Resources */,
				71DC141618FB7281001C8185 /* order_items.json in Resources */,
				710928A818FD59E7009760F2 /* groups.json in Resources */,
				710928A618FD59DF009760F2 /* group.json in Resources */,
				716863BE18B927E6005D68B3 /* menu_sections.json in Resources */,
				71496A9418CD3E7500045AFD /* me.json in Resources */,
				71DC141218FB716F001C8185 /* notifications.json in Resources */,
				71600A1E18B506F000DFB9B6 /* company.json in Resources */,
				71496A9618CD3E7E00045AFD /* user.json in Resources */,
				716863B818B8F012005D68B3 /* menu.json in Resources */,
			);
			runOnlyForDeploymentPostprocessing = 0;
		};
/* End PBXResourcesBuildPhase section */

/* Begin PBXShellScriptBuildPhase section */
		120A22AEFEE34588858AE33D /* Copy Pods Resources */ = {
			isa = PBXShellScriptBuildPhase;
			buildActionMask = 2147483647;
			files = (
			);
			inputPaths = (
			);
			name = "Copy Pods Resources";
			outputPaths = (
			);
			runOnlyForDeploymentPostprocessing = 0;
			shellPath = /bin/sh;
			shellScript = "\"${SRCROOT}/Pods/Pods-AirMenuKitTests-resources.sh\"\n";
			showEnvVarsInLog = 0;
		};
		3C9A714644264696BB92482C /* Copy Pods Resources */ = {
			isa = PBXShellScriptBuildPhase;
			buildActionMask = 2147483647;
			files = (
			);
			inputPaths = (
			);
			name = "Copy Pods Resources";
			outputPaths = (
			);
			runOnlyForDeploymentPostprocessing = 0;
			shellPath = /bin/sh;
			shellScript = "\"${SRCROOT}/Pods/Pods-resources.sh\"\n";
			showEnvVarsInLog = 0;
		};
		7BF244358E454485B49F99C6 /* Check Pods Manifest.lock */ = {
			isa = PBXShellScriptBuildPhase;
			buildActionMask = 2147483647;
			files = (
			);
			inputPaths = (
			);
			name = "Check Pods Manifest.lock";
			outputPaths = (
			);
			runOnlyForDeploymentPostprocessing = 0;
			shellPath = /bin/sh;
			shellScript = "diff \"${PODS_ROOT}/../Podfile.lock\" \"${PODS_ROOT}/Manifest.lock\" > /dev/null\nif [[ $? != 0 ]] ; then\n    cat << EOM\nerror: The sandbox is not in sync with the Podfile.lock. Run 'pod install' or update your CocoaPods installation.\nEOM\n    exit 1\nfi\n";
			showEnvVarsInLog = 0;
		};
		9645E939D5E24D57837285FB /* Check Pods Manifest.lock */ = {
			isa = PBXShellScriptBuildPhase;
			buildActionMask = 2147483647;
			files = (
			);
			inputPaths = (
			);
			name = "Check Pods Manifest.lock";
			outputPaths = (
			);
			runOnlyForDeploymentPostprocessing = 0;
			shellPath = /bin/sh;
			shellScript = "diff \"${PODS_ROOT}/../Podfile.lock\" \"${PODS_ROOT}/Manifest.lock\" > /dev/null\nif [[ $? != 0 ]] ; then\n    cat << EOM\nerror: The sandbox is not in sync with the Podfile.lock. Run 'pod install' or update your CocoaPods installation.\nEOM\n    exit 1\nfi\n";
			showEnvVarsInLog = 0;
		};
/* End PBXShellScriptBuildPhase section */

/* Begin PBXSourcesBuildPhase section */
		7132E4461848EA8A00B2E356 /* Sources */ = {
			isa = PBXSourcesBuildPhase;
			buildActionMask = 2147483647;
			files = (
				71E3FD8B18AB10D200BD00C2 /* AMObjectBuilder.m in Sources */,
				71115C5319022516000E87C4 /* AMClient+StaffKind.m in Sources */,
				71173FA118A067F400DF24EB /* NSNumberFormatter+AirMenuNumberFormat.m in Sources */,
				7119583218FADBBD0065BB3A /* AMNotification.m in Sources */,
				71115C5619022521000E87C4 /* AMClient+StaffMember.m in Sources */,
				716C573318A197C800D95228 /* NSDateFormatter+AirMenuTimestamp.m in Sources */,
				71A0D3AB18AC33390070465E /* AMClient+MenuSection.m in Sources */,
				710AD71D189FDF6400AA1038 /* AMClient.m in Sources */,
				710AD72018A0268800AA1038 /* AMCompany.m in Sources */,
				71115C4D190224EF000E87C4 /* AMClient+Order.m in Sources */,
				7119583518FADBD90065BB3A /* AMGroup.m in Sources */,
				7109CBFB18DA58D300D6003E /* NSDictionary+NullReplacement.m in Sources */,
				7119582318FADAA30065BB3A /* AMOrder.m in Sources */,
				71A0D3A818AC33310070465E /* AMClient+Menu.m in Sources */,
				7119582618FADAB10065BB3A /* AMOrderItem.m in Sources */,
				713F953B18A040F500623CA8 /* AMAddress.m in Sources */,
				710AD72618A026B900AA1038 /* AMMenu.m in Sources */,
				7119582C18FADB450065BB3A /* AMStaffMember.m in Sources */,
				710AD72C18A026D600AA1038 /* AMMenuItem.m in Sources */,
				7119582918FADB070065BB3A /* AMStaffKind.m in Sources */,
				710AD72318A0269F00AA1038 /* AMRestaurant.m in Sources */,
				71A0D3A218AC33220070465E /* AMClient+Company.m in Sources */,
				71F3677818FD2D6500A6FE1E /* AMLocation.m in Sources */,
				7119582F18FADBA60065BB3A /* AMDevice.m in Sources */,
				710AD72918A026CC00AA1038 /* AMMenuSection.m in Sources */,
				7109CBF818DA58CC00D6003E /* NSArray+NullReplacement.m in Sources */,
				71A0D3A518AC33280070465E /* AMClient+Restaurant.m in Sources */,
				71E3FD7E18AACB6F00BD00C2 /* AMOAuthApplication.m in Sources */,
				71B2ABFA18FDCA5300238DC1 /* AMClient+Group.m in Sources */,
				7174341A18AA76C200A83C61 /* AMOAuthToken.m in Sources */,
				71115C50190224F6000E87C4 /* AMClient+OrderItem.m in Sources */,
				71496A9018CD340E00045AFD /* AMUser.m in Sources */,
				71A0D3AE18AC335E0070465E /* AMClient+MenuItem.m in Sources */,
			);
			runOnlyForDeploymentPostprocessing = 0;
		};
		7132E4561848EA8A00B2E356 /* Sources */ = {
			isa = PBXSourcesBuildPhase;
			buildActionMask = 2147483647;
			files = (
				7119583918FADC830065BB3A /* AMOrderTests.m in Sources */,
				71710E6418A436C200A2390B /* AMRestaurantTests.m in Sources */,
				7108ADA118B5846400A413DA /* AMClientRestaurantTests.m in Sources */,
				71115C5E19022A6C000E87C4 /* AMClientStaffMemberTests.m in Sources */,
				716863C018B9388D005D68B3 /* AMClientMenuSectionTests.m in Sources */,
				71B2ABFC18FDDA2000238DC1 /* AMClientGroupTests.m in Sources */,
				71496A9218CD342100045AFD /* AMUserTests.m in Sources */,
				71E3FD8818AB040A00BD00C2 /* AMClientTests.m in Sources */,
				71E3FD8D18AC0C7000BD00C2 /* AMObjectBuilderTests.m in Sources */,
				71173FA418A06AF300DF24EB /* AMAddressTests.m in Sources */,
				716863C618B94FA1005D68B3 /* AMClientMenuItemTests.m in Sources */,
				71E3FD8018AACB8D00BD00C2 /* AMOAuthApplicationTests.m in Sources */,
				713F953218A0328400623CA8 /* AMCompanyTests.m in Sources */,
				71600A1C18B5069F00DFB9B6 /* AMClientCompanyTests.m in Sources */,
				71115C5A19022A4B000E87C4 /* AMClientOrderItemTests.m in Sources */,
				71496A9918CD40C800045AFD /* AMClient+User.m in Sources */,
				714C068818B538A9004EAD04 /* TestToolBox.m in Sources */,
				716C573518A1A40D00D95228 /* AMMenuSectionTests.m in Sources */,
				71173FA618A17BAB00DF24EB /* AMMenuItemTests.m in Sources */,
				7119583718FADC780065BB3A /* AMGroupTests.m in Sources */,
				7119583B18FADCA00065BB3A /* AMOrderItemTests.m in Sources */,
				71115C5819022A3E000E87C4 /* AMClientOrderTests.m in Sources */,
				71115C5C19022A56000E87C4 /* AMClientStaffKindTests.m in Sources */,
				71E3FD7B18AA784700BD00C2 /* AMOAuthTokenTests.m in Sources */,
				71496A9B18CD420500045AFD /* AMClientUserTests.m in Sources */,
				7119584118FAE0060065BB3A /* AMDeviceTests.m in Sources */,
				7119583F18FADFE40065BB3A /* AMStaffMemberTests.m in Sources */,
				7119584318FAE0290065BB3A /* AMNotificationTests.m in Sources */,
				716C573718A1BEB800D95228 /* AMMenuTests.m in Sources */,
				7119583D18FADFD80065BB3A /* AMStaffKindTests.m in Sources */,
				716863BA18B90C55005D68B3 /* AMClientMenuTests.m in Sources */,
			);
			runOnlyForDeploymentPostprocessing = 0;
		};
/* End PBXSourcesBuildPhase section */

/* Begin PBXTargetDependency section */
		7132E4611848EA8A00B2E356 /* PBXTargetDependency */ = {
			isa = PBXTargetDependency;
			target = 7132E4491848EA8A00B2E356 /* AirMenuKit */;
			targetProxy = 7132E4601848EA8A00B2E356 /* PBXContainerItemProxy */;
		};
/* End PBXTargetDependency section */

/* Begin PBXVariantGroup section */
		7132E4661848EA8A00B2E356 /* InfoPlist.strings */ = {
			isa = PBXVariantGroup;
			children = (
				7132E4671848EA8A00B2E356 /* en */,
			);
			name = InfoPlist.strings;
			sourceTree = "<group>";
		};
/* End PBXVariantGroup section */

/* Begin XCBuildConfiguration section */
		7132E46B1848EA8A00B2E356 /* Debug */ = {
			isa = XCBuildConfiguration;
			buildSettings = {
				ALWAYS_SEARCH_USER_PATHS = NO;
				CLANG_CXX_LANGUAGE_STANDARD = "gnu++0x";
				CLANG_CXX_LIBRARY = "libc++";
				CLANG_ENABLE_MODULES = YES;
				CLANG_ENABLE_OBJC_ARC = YES;
				CLANG_WARN_BOOL_CONVERSION = YES;
				CLANG_WARN_CONSTANT_CONVERSION = YES;
				CLANG_WARN_DIRECT_OBJC_ISA_USAGE = YES_ERROR;
				CLANG_WARN_EMPTY_BODY = YES;
				CLANG_WARN_ENUM_CONVERSION = YES;
				CLANG_WARN_INT_CONVERSION = YES;
				CLANG_WARN_OBJC_ROOT_CLASS = YES_ERROR;
				CLANG_WARN__DUPLICATE_METHOD_MATCH = YES;
				COPY_PHASE_STRIP = NO;
				GCC_C_LANGUAGE_STANDARD = gnu99;
				GCC_DYNAMIC_NO_PIC = NO;
				GCC_OPTIMIZATION_LEVEL = 0;
				GCC_PRECOMPILE_PREFIX_HEADER = NO;
				GCC_PREPROCESSOR_DEFINITIONS = (
					"DEBUG=1",
					"$(inherited)",
				);
				GCC_SYMBOLS_PRIVATE_EXTERN = NO;
				GCC_WARN_64_TO_32_BIT_CONVERSION = YES;
				GCC_WARN_ABOUT_RETURN_TYPE = YES_ERROR;
				GCC_WARN_UNDECLARED_SELECTOR = YES;
				GCC_WARN_UNINITIALIZED_AUTOS = YES;
				GCC_WARN_UNUSED_FUNCTION = YES;
				GCC_WARN_UNUSED_VARIABLE = YES;
				IPHONEOS_DEPLOYMENT_TARGET = 7.0;
				ONLY_ACTIVE_ARCH = YES;
				SDKROOT = iphoneos;
			};
			name = Debug;
		};
		7132E46C1848EA8A00B2E356 /* Release */ = {
			isa = XCBuildConfiguration;
			buildSettings = {
				ALWAYS_SEARCH_USER_PATHS = NO;
				CLANG_CXX_LANGUAGE_STANDARD = "gnu++0x";
				CLANG_CXX_LIBRARY = "libc++";
				CLANG_ENABLE_MODULES = YES;
				CLANG_ENABLE_OBJC_ARC = YES;
				CLANG_WARN_BOOL_CONVERSION = YES;
				CLANG_WARN_CONSTANT_CONVERSION = YES;
				CLANG_WARN_DIRECT_OBJC_ISA_USAGE = YES_ERROR;
				CLANG_WARN_EMPTY_BODY = YES;
				CLANG_WARN_ENUM_CONVERSION = YES;
				CLANG_WARN_INT_CONVERSION = YES;
				CLANG_WARN_OBJC_ROOT_CLASS = YES_ERROR;
				CLANG_WARN__DUPLICATE_METHOD_MATCH = YES;
				COPY_PHASE_STRIP = YES;
				ENABLE_NS_ASSERTIONS = NO;
				GCC_C_LANGUAGE_STANDARD = gnu99;
				GCC_PRECOMPILE_PREFIX_HEADER = NO;
				GCC_WARN_64_TO_32_BIT_CONVERSION = YES;
				GCC_WARN_ABOUT_RETURN_TYPE = YES_ERROR;
				GCC_WARN_UNDECLARED_SELECTOR = YES;
				GCC_WARN_UNINITIALIZED_AUTOS = YES;
				GCC_WARN_UNUSED_FUNCTION = YES;
				GCC_WARN_UNUSED_VARIABLE = YES;
				IPHONEOS_DEPLOYMENT_TARGET = 7.0;
				SDKROOT = iphoneos;
				VALIDATE_PRODUCT = YES;
			};
			name = Release;
		};
		7132E46E1848EA8A00B2E356 /* Debug */ = {
			isa = XCBuildConfiguration;
			baseConfigurationReference = 5144A829ACC149479E467E2A /* Pods.xcconfig */;
			buildSettings = {
				DSTROOT = /tmp/AirMenuKit.dst;
				GCC_PRECOMPILE_PREFIX_HEADER = YES;
				GCC_PREFIX_HEADER = "../Classes/AirMenuKit-Prefix.pch";
				HEADER_SEARCH_PATHS = (
					"$(inherited)",
					/Applications/Xcode.app/Contents/Developer/Toolchains/XcodeDefault.xctoolchain/usr/include,
					"$(BUILT_PRODUCTS_DIR)/../Classes",
				);
				LIBRARY_SEARCH_PATHS = (
					"$(inherited)",
					"$(PROJECT_DIR)/Pods/build/Debug-iphoneos",
				);
				OTHER_LDFLAGS = "-ObjC";
				PRODUCT_NAME = "$(TARGET_NAME)";
				SKIP_INSTALL = YES;
			};
			name = Debug;
		};
		7132E46F1848EA8A00B2E356 /* Release */ = {
			isa = XCBuildConfiguration;
			baseConfigurationReference = 5144A829ACC149479E467E2A /* Pods.xcconfig */;
			buildSettings = {
				DSTROOT = /tmp/AirMenuKit.dst;
				GCC_PRECOMPILE_PREFIX_HEADER = YES;
				GCC_PREFIX_HEADER = "../Classes/AirMenuKit-Prefix.pch";
				HEADER_SEARCH_PATHS = (
					"$(inherited)",
					/Applications/Xcode.app/Contents/Developer/Toolchains/XcodeDefault.xctoolchain/usr/include,
					"$(BUILT_PRODUCTS_DIR)/../Classes",
				);
				LIBRARY_SEARCH_PATHS = (
					"$(inherited)",
					"$(PROJECT_DIR)/Pods/build/Debug-iphoneos",
				);
				OTHER_LDFLAGS = "-ObjC";
				PRODUCT_NAME = "$(TARGET_NAME)";
				SKIP_INSTALL = YES;
			};
			name = Release;
		};
		7132E4711848EA8A00B2E356 /* Debug */ = {
			isa = XCBuildConfiguration;
			baseConfigurationReference = 811AF5E1705D4DD596C51C97 /* Pods-AirMenuKitTests.xcconfig */;
			buildSettings = {
				FRAMEWORK_SEARCH_PATHS = (
					"$(SDKROOT)/Developer/Library/Frameworks",
					"$(inherited)",
					"$(DEVELOPER_FRAMEWORKS_DIR)",
				);
				GCC_PRECOMPILE_PREFIX_HEADER = YES;
				GCC_PREFIX_HEADER = "../Classes/AirMenuKit-Prefix.pch";
				GCC_PREPROCESSOR_DEFINITIONS = (
					"DEBUG=1",
					"$(inherited)",
				);
				INFOPLIST_FILE = "AirMenuKitTests/AirMenuKitTests-Info.plist";
				OTHER_LDFLAGS = (
					"-ObjC",
					"-framework",
					CFNetwork,
					"-framework",
					XCTest,
				);
				PRODUCT_NAME = "$(TARGET_NAME)";
				WRAPPER_EXTENSION = xctest;
			};
			name = Debug;
		};
		7132E4721848EA8A00B2E356 /* Release */ = {
			isa = XCBuildConfiguration;
			baseConfigurationReference = 811AF5E1705D4DD596C51C97 /* Pods-AirMenuKitTests.xcconfig */;
			buildSettings = {
				FRAMEWORK_SEARCH_PATHS = (
					"$(SDKROOT)/Developer/Library/Frameworks",
					"$(inherited)",
					"$(DEVELOPER_FRAMEWORKS_DIR)",
				);
				GCC_PRECOMPILE_PREFIX_HEADER = YES;
				GCC_PREFIX_HEADER = "../Classes/AirMenuKit-Prefix.pch";
				INFOPLIST_FILE = "AirMenuKitTests/AirMenuKitTests-Info.plist";
				OTHER_LDFLAGS = (
					"-ObjC",
					"-framework",
					CFNetwork,
					"-framework",
					XCTest,
				);
				PRODUCT_NAME = "$(TARGET_NAME)";
				WRAPPER_EXTENSION = xctest;
			};
			name = Release;
		};
/* End XCBuildConfiguration section */

/* Begin XCConfigurationList section */
		7132E4451848EA8A00B2E356 /* Build configuration list for PBXProject "AirMenuKit" */ = {
			isa = XCConfigurationList;
			buildConfigurations = (
				7132E46B1848EA8A00B2E356 /* Debug */,
				7132E46C1848EA8A00B2E356 /* Release */,
			);
			defaultConfigurationIsVisible = 0;
			defaultConfigurationName = Release;
		};
		7132E46D1848EA8A00B2E356 /* Build configuration list for PBXNativeTarget "AirMenuKit" */ = {
			isa = XCConfigurationList;
			buildConfigurations = (
				7132E46E1848EA8A00B2E356 /* Debug */,
				7132E46F1848EA8A00B2E356 /* Release */,
			);
			defaultConfigurationIsVisible = 0;
			defaultConfigurationName = Release;
		};
		7132E4701848EA8A00B2E356 /* Build configuration list for PBXNativeTarget "AirMenuKitTests" */ = {
			isa = XCConfigurationList;
			buildConfigurations = (
				7132E4711848EA8A00B2E356 /* Debug */,
				7132E4721848EA8A00B2E356 /* Release */,
			);
			defaultConfigurationIsVisible = 0;
			defaultConfigurationName = Release;
		};
/* End XCConfigurationList section */
	};
	rootObject = 7132E4421848EA8A00B2E356 /* Project object */;
}
