// !$*UTF8*$!
{
	archiveVersion = 1;
	classes = {
	};
	objectVersion = 46;
	objects = {

/* Begin PBXBuildFile section */
		7132E44E1848EA8A00B2E356 /* Foundation.framework in Frameworks */ = {isa = PBXBuildFile; fileRef = 7132E44D1848EA8A00B2E356 /* Foundation.framework */; };
		7132E45C1848EA8A00B2E356 /* XCTest.framework in Frameworks */ = {isa = PBXBuildFile; fileRef = 7132E45B1848EA8A00B2E356 /* XCTest.framework */; };
		7132E45D1848EA8A00B2E356 /* Foundation.framework in Frameworks */ = {isa = PBXBuildFile; fileRef = 7132E44D1848EA8A00B2E356 /* Foundation.framework */; };
		7132E45F1848EA8A00B2E356 /* UIKit.framework in Frameworks */ = {isa = PBXBuildFile; fileRef = 7132E45E1848EA8A00B2E356 /* UIKit.framework */; };
		7132E4621848EA8A00B2E356 /* libAirMenuKit.a in Frameworks */ = {isa = PBXBuildFile; fileRef = 7132E44A1848EA8A00B2E356 /* libAirMenuKit.a */; };
		7132E4681848EA8A00B2E356 /* InfoPlist.strings in Resources */ = {isa = PBXBuildFile; fileRef = 7132E4661848EA8A00B2E356 /* InfoPlist.strings */; };
		7132E46A1848EA8A00B2E356 /* AirMenuKitTests.m in Sources */ = {isa = PBXBuildFile; fileRef = 7132E4691848EA8A00B2E356 /* AirMenuKitTests.m */; };
		71D32BCD189ED1C50049B367 /* AirMenuClient.m in Sources */ = {isa = PBXBuildFile; fileRef = 71D32BCC189ED1C50049B367 /* AirMenuClient.m */; };
/* End PBXBuildFile section */

/* Begin PBXContainerItemProxy section */
		7132E4601848EA8A00B2E356 /* PBXContainerItemProxy */ = {
			isa = PBXContainerItemProxy;
			containerPortal = 7132E4421848EA8A00B2E356 /* Project object */;
			proxyType = 1;
			remoteGlobalIDString = 7132E4491848EA8A00B2E356;
			remoteInfo = AirMenuKit;
		};
/* End PBXContainerItemProxy section */

/* Begin PBXCopyFilesBuildPhase section */
		7132E4481848EA8A00B2E356 /* CopyFiles */ = {
			isa = PBXCopyFilesBuildPhase;
			buildActionMask = 2147483647;
			dstPath = "include/$(PRODUCT_NAME)";
			dstSubfolderSpec = 16;
			files = (
			);
			runOnlyForDeploymentPostprocessing = 0;
		};
/* End PBXCopyFilesBuildPhase section */

/* Begin PBXFileReference section */
		7132E44A1848EA8A00B2E356 /* libAirMenuKit.a */ = {isa = PBXFileReference; explicitFileType = archive.ar; includeInIndex = 0; path = libAirMenuKit.a; sourceTree = BUILT_PRODUCTS_DIR; };
		7132E44D1848EA8A00B2E356 /* Foundation.framework */ = {isa = PBXFileReference; lastKnownFileType = wrapper.framework; name = Foundation.framework; path = System/Library/Frameworks/Foundation.framework; sourceTree = SDKROOT; };
		7132E45A1848EA8A00B2E356 /* AirMenuKitTests.xctest */ = {isa = PBXFileReference; explicitFileType = wrapper.cfbundle; includeInIndex = 0; path = AirMenuKitTests.xctest; sourceTree = BUILT_PRODUCTS_DIR; };
		7132E45B1848EA8A00B2E356 /* XCTest.framework */ = {isa = PBXFileReference; lastKnownFileType = wrapper.framework; name = XCTest.framework; path = Library/Frameworks/XCTest.framework; sourceTree = DEVELOPER_DIR; };
		7132E45E1848EA8A00B2E356 /* UIKit.framework */ = {isa = PBXFileReference; lastKnownFileType = wrapper.framework; name = UIKit.framework; path = Library/Frameworks/UIKit.framework; sourceTree = DEVELOPER_DIR; };
		7132E4651848EA8A00B2E356 /* AirMenuKitTests-Info.plist */ = {isa = PBXFileReference; lastKnownFileType = text.plist.xml; path = "AirMenuKitTests-Info.plist"; sourceTree = "<group>"; };
		7132E4671848EA8A00B2E356 /* en */ = {isa = PBXFileReference; lastKnownFileType = text.plist.strings; name = en; path = en.lproj/InfoPlist.strings; sourceTree = "<group>"; };
		7132E4691848EA8A00B2E356 /* AirMenuKitTests.m */ = {isa = PBXFileReference; lastKnownFileType = sourcecode.c.objc; path = AirMenuKitTests.m; sourceTree = "<group>"; };
		71D32BCB189ED1C50049B367 /* AirMenuClient.h */ = {isa = PBXFileReference; fileEncoding = 4; lastKnownFileType = sourcecode.c.h; path = AirMenuClient.h; sourceTree = "<group>"; };
		71D32BCC189ED1C50049B367 /* AirMenuClient.m */ = {isa = PBXFileReference; fileEncoding = 4; lastKnownFileType = sourcecode.c.objc; path = AirMenuClient.m; sourceTree = "<group>"; };
/* End PBXFileReference section */

/* Begin PBXFrameworksBuildPhase section */
		7132E4471848EA8A00B2E356 /* Frameworks */ = {
			isa = PBXFrameworksBuildPhase;
			buildActionMask = 2147483647;
			files = (
				7132E44E1848EA8A00B2E356 /* Foundation.framework in Frameworks */,
			);
			runOnlyForDeploymentPostprocessing = 0;
		};
		7132E4571848EA8A00B2E356 /* Frameworks */ = {
			isa = PBXFrameworksBuildPhase;
			buildActionMask = 2147483647;
			files = (
				7132E45C1848EA8A00B2E356 /* XCTest.framework in Frameworks */,
				7132E45F1848EA8A00B2E356 /* UIKit.framework in Frameworks */,
				7132E4621848EA8A00B2E356 /* libAirMenuKit.a in Frameworks */,
				7132E45D1848EA8A00B2E356 /* Foundation.framework in Frameworks */,
			);
			runOnlyForDeploymentPostprocessing = 0;
		};
/* End PBXFrameworksBuildPhase section */

/* Begin PBXGroup section */
		7132E4411848EA8A00B2E356 = {
			isa = PBXGroup;
			children = (
				71D32BC9189ED1040049B367 /* AirMenuKit */,
				7132E4631848EA8A00B2E356 /* AirMenuKitTests */,
				7132E44C1848EA8A00B2E356 /* Frameworks */,
				7132E44B1848EA8A00B2E356 /* Products */,
			);
			sourceTree = "<group>";
		};
		7132E44B1848EA8A00B2E356 /* Products */ = {
			isa = PBXGroup;
			children = (
				7132E44A1848EA8A00B2E356 /* libAirMenuKit.a */,
				7132E45A1848EA8A00B2E356 /* AirMenuKitTests.xctest */,
			);
			name = Products;
			sourceTree = "<group>";
		};
		7132E44C1848EA8A00B2E356 /* Frameworks */ = {
			isa = PBXGroup;
			children = (
				7132E44D1848EA8A00B2E356 /* Foundation.framework */,
				7132E45B1848EA8A00B2E356 /* XCTest.framework */,
				7132E45E1848EA8A00B2E356 /* UIKit.framework */,
			);
			name = Frameworks;
			sourceTree = "<group>";
		};
		7132E4631848EA8A00B2E356 /* AirMenuKitTests */ = {
			isa = PBXGroup;
			children = (
				7132E4691848EA8A00B2E356 /* AirMenuKitTests.m */,
				7132E4641848EA8A00B2E356 /* Supporting Files */,
			);
			path = AirMenuKitTests;
			sourceTree = "<group>";
		};
		7132E4641848EA8A00B2E356 /* Supporting Files */ = {
			isa = PBXGroup;
			children = (
				7132E4651848EA8A00B2E356 /* AirMenuKitTests-Info.plist */,
				7132E4661848EA8A00B2E356 /* InfoPlist.strings */,
			);
			name = "Supporting Files";
			sourceTree = "<group>";
		};
		71D32BC9189ED1040049B367 /* AirMenuKit */ = {
			isa = PBXGroup;
			children = (
				71D32BCA189ED10B0049B367 /* Classes */,
			);
			path = AirMenuKit;
			sourceTree = "<group>";
		};
		71D32BCA189ED10B0049B367 /* Classes */ = {
			isa = PBXGroup;
			children = (
				71D32BCB189ED1C50049B367 /* AirMenuClient.h */,
				71D32BCC189ED1C50049B367 /* AirMenuClient.m */,
			);
			path = Classes;
			sourceTree = "<group>";
		};
/* End PBXGroup section */

/* Begin PBXNativeTarget section */
		7132E4491848EA8A00B2E356 /* AirMenuKit */ = {
			isa = PBXNativeTarget;
			buildConfigurationList = 7132E46D1848EA8A00B2E356 /* Build configuration list for PBXNativeTarget "AirMenuKit" */;
			buildPhases = (
				7132E4461848EA8A00B2E356 /* Sources */,
				7132E4471848EA8A00B2E356 /* Frameworks */,
				7132E4481848EA8A00B2E356 /* CopyFiles */,
			);
			buildRules = (
			);
			dependencies = (
			);
			name = AirMenuKit;
			productName = AirMenuKit;
			productReference = 7132E44A1848EA8A00B2E356 /* libAirMenuKit.a */;
			productType = "com.apple.product-type.library.static";
		};
		7132E4591848EA8A00B2E356 /* AirMenuKitTests */ = {
			isa = PBXNativeTarget;
			buildConfigurationList = 7132E4701848EA8A00B2E356 /* Build configuration list for PBXNativeTarget "AirMenuKitTests" */;
			buildPhases = (
				7132E4561848EA8A00B2E356 /* Sources */,
				7132E4571848EA8A00B2E356 /* Frameworks */,
				7132E4581848EA8A00B2E356 /* Resources */,
			);
			buildRules = (
			);
			dependencies = (
				7132E4611848EA8A00B2E356 /* PBXTargetDependency */,
			);
			name = AirMenuKitTests;
			productName = AirMenuKitTests;
			productReference = 7132E45A1848EA8A00B2E356 /* AirMenuKitTests.xctest */;
			productType = "com.apple.product-type.bundle.unit-test";
		};
/* End PBXNativeTarget section */

/* Begin PBXProject section */
		7132E4421848EA8A00B2E356 /* Project object */ = {
			isa = PBXProject;
			attributes = {
				LastUpgradeCheck = 0500;
				ORGANIZATIONNAME = "air-menu";
			};
			buildConfigurationList = 7132E4451848EA8A00B2E356 /* Build configuration list for PBXProject "AirMenuKit" */;
			compatibilityVersion = "Xcode 3.2";
			developmentRegion = English;
			hasScannedForEncodings = 0;
			knownRegions = (
				en,
			);
			mainGroup = 7132E4411848EA8A00B2E356;
			productRefGroup = 7132E44B1848EA8A00B2E356 /* Products */;
			projectDirPath = "";
			projectRoot = "";
			targets = (
				7132E4491848EA8A00B2E356 /* AirMenuKit */,
				7132E4591848EA8A00B2E356 /* AirMenuKitTests */,
			);
		};
/* End PBXProject section */

/* Begin PBXResourcesBuildPhase section */
		7132E4581848EA8A00B2E356 /* Resources */ = {
			isa = PBXResourcesBuildPhase;
			buildActionMask = 2147483647;
			files = (
				7132E4681848EA8A00B2E356 /* InfoPlist.strings in Resources */,
			);
			runOnlyForDeploymentPostprocessing = 0;
		};
/* End PBXResourcesBuildPhase section */

/* Begin PBXSourcesBuildPhase section */
		7132E4461848EA8A00B2E356 /* Sources */ = {
			isa = PBXSourcesBuildPhase;
			buildActionMask = 2147483647;
			files = (
				71D32BCD189ED1C50049B367 /* AirMenuClient.m in Sources */,
			);
			runOnlyForDeploymentPostprocessing = 0;
		};
		7132E4561848EA8A00B2E356 /* Sources */ = {
			isa = PBXSourcesBuildPhase;
			buildActionMask = 2147483647;
			files = (
				7132E46A1848EA8A00B2E356 /* AirMenuKitTests.m in Sources */,
			);
			runOnlyForDeploymentPostprocessing = 0;
		};
/* End PBXSourcesBuildPhase section */

/* Begin PBXTargetDependency section */
		7132E4611848EA8A00B2E356 /* PBXTargetDependency */ = {
			isa = PBXTargetDependency;
			target = 7132E4491848EA8A00B2E356 /* AirMenuKit */;
			targetProxy = 7132E4601848EA8A00B2E356 /* PBXContainerItemProxy */;
		};
/* End PBXTargetDependency section */

/* Begin PBXVariantGroup section */
		7132E4661848EA8A00B2E356 /* InfoPlist.strings */ = {
			isa = PBXVariantGroup;
			children = (
				7132E4671848EA8A00B2E356 /* en */,
			);
			name = InfoPlist.strings;
			sourceTree = "<group>";
		};
/* End PBXVariantGroup section */

/* Begin XCBuildConfiguration section */
		7132E46B1848EA8A00B2E356 /* Debug */ = {
			isa = XCBuildConfiguration;
			buildSettings = {
				ALWAYS_SEARCH_USER_PATHS = NO;
				ARCHS = "$(ARCHS_STANDARD_INCLUDING_64_BIT)";
				CLANG_CXX_LANGUAGE_STANDARD = "gnu++0x";
				CLANG_CXX_LIBRARY = "libc++";
				CLANG_ENABLE_MODULES = YES;
				CLANG_ENABLE_OBJC_ARC = YES;
				CLANG_WARN_BOOL_CONVERSION = YES;
				CLANG_WARN_CONSTANT_CONVERSION = YES;
				CLANG_WARN_DIRECT_OBJC_ISA_USAGE = YES_ERROR;
				CLANG_WARN_EMPTY_BODY = YES;
				CLANG_WARN_ENUM_CONVERSION = YES;
				CLANG_WARN_INT_CONVERSION = YES;
				CLANG_WARN_OBJC_ROOT_CLASS = YES_ERROR;
				CLANG_WARN__DUPLICATE_METHOD_MATCH = YES;
				COPY_PHASE_STRIP = NO;
				GCC_C_LANGUAGE_STANDARD = gnu99;
				GCC_DYNAMIC_NO_PIC = NO;
				GCC_OPTIMIZATION_LEVEL = 0;
				GCC_PREPROCESSOR_DEFINITIONS = (
					"DEBUG=1",
					"$(inherited)",
				);
				GCC_SYMBOLS_PRIVATE_EXTERN = NO;
				GCC_WARN_64_TO_32_BIT_CONVERSION = YES;
				GCC_WARN_ABOUT_RETURN_TYPE = YES_ERROR;
				GCC_WARN_UNDECLARED_SELECTOR = YES;
				GCC_WARN_UNINITIALIZED_AUTOS = YES;
				GCC_WARN_UNUSED_FUNCTION = YES;
				GCC_WARN_UNUSED_VARIABLE = YES;
				IPHONEOS_DEPLOYMENT_TARGET = 7.0;
				ONLY_ACTIVE_ARCH = YES;
				SDKROOT = iphoneos;
			};
			name = Debug;
		};
		7132E46C1848EA8A00B2E356 /* Release */ = {
			isa = XCBuildConfiguration;
			buildSettings = {
				ALWAYS_SEARCH_USER_PATHS = NO;
				ARCHS = "$(ARCHS_STANDARD_INCLUDING_64_BIT)";
				CLANG_CXX_LANGUAGE_STANDARD = "gnu++0x";
				CLANG_CXX_LIBRARY = "libc++";
				CLANG_ENABLE_MODULES = YES;
				CLANG_ENABLE_OBJC_ARC = YES;
				CLANG_WARN_BOOL_CONVERSION = YES;
				CLANG_WARN_CONSTANT_CONVERSION = YES;
				CLANG_WARN_DIRECT_OBJC_ISA_USAGE = YES_ERROR;
				CLANG_WARN_EMPTY_BODY = YES;
				CLANG_WARN_ENUM_CONVERSION = YES;
				CLANG_WARN_INT_CONVERSION = YES;
				CLANG_WARN_OBJC_ROOT_CLASS = YES_ERROR;
				CLANG_WARN__DUPLICATE_METHOD_MATCH = YES;
				COPY_PHASE_STRIP = YES;
				ENABLE_NS_ASSERTIONS = NO;
				GCC_C_LANGUAGE_STANDARD = gnu99;
				GCC_WARN_64_TO_32_BIT_CONVERSION = YES;
				GCC_WARN_ABOUT_RETURN_TYPE = YES_ERROR;
				GCC_WARN_UNDECLARED_SELECTOR = YES;
				GCC_WARN_UNINITIALIZED_AUTOS = YES;
				GCC_WARN_UNUSED_FUNCTION = YES;
				GCC_WARN_UNUSED_VARIABLE = YES;
				IPHONEOS_DEPLOYMENT_TARGET = 7.0;
				SDKROOT = iphoneos;
				VALIDATE_PRODUCT = YES;
			};
			name = Release;
		};
		7132E46E1848EA8A00B2E356 /* Debug */ = {
			isa = XCBuildConfiguration;
			buildSettings = {
				DSTROOT = /tmp/AirMenuKit.dst;
				GCC_PRECOMPILE_PREFIX_HEADER = YES;
				GCC_PREFIX_HEADER = "AirMenuKit/AirMenuKit-Prefix.pch";
				HEADER_SEARCH_PATHS = (
					"$(inherited)",
					/Applications/Xcode.app/Contents/Developer/Toolchains/XcodeDefault.xctoolchain/usr/include,
					"$(BUILT_PRODUCTS_DIR)/../Classes",
				);
				OTHER_LDFLAGS = "-ObjC";
				PRODUCT_NAME = "$(TARGET_NAME)";
				SKIP_INSTALL = YES;
			};
			name = Debug;
		};
		7132E46F1848EA8A00B2E356 /* Release */ = {
			isa = XCBuildConfiguration;
			buildSettings = {
				DSTROOT = /tmp/AirMenuKit.dst;
				GCC_PRECOMPILE_PREFIX_HEADER = YES;
				GCC_PREFIX_HEADER = "AirMenuKit/AirMenuKit-Prefix.pch";
				HEADER_SEARCH_PATHS = (
					"$(inherited)",
					/Applications/Xcode.app/Contents/Developer/Toolchains/XcodeDefault.xctoolchain/usr/include,
					"$(BUILT_PRODUCTS_DIR)/../Classes",
				);
				OTHER_LDFLAGS = "-ObjC";
				PRODUCT_NAME = "$(TARGET_NAME)";
				SKIP_INSTALL = YES;
			};
			name = Release;
		};
		7132E4711848EA8A00B2E356 /* Debug */ = {
			isa = XCBuildConfiguration;
			buildSettings = {
				ARCHS = "$(ARCHS_STANDARD_INCLUDING_64_BIT)";
				FRAMEWORK_SEARCH_PATHS = (
					"$(SDKROOT)/Developer/Library/Frameworks",
					"$(inherited)",
					"$(DEVELOPER_FRAMEWORKS_DIR)",
				);
				GCC_PRECOMPILE_PREFIX_HEADER = YES;
				GCC_PREFIX_HEADER = "AirMenuKit/AirMenuKit-Prefix.pch";
				GCC_PREPROCESSOR_DEFINITIONS = (
					"DEBUG=1",
					"$(inherited)",
				);
				INFOPLIST_FILE = "AirMenuKitTests/AirMenuKitTests-Info.plist";
				PRODUCT_NAME = "$(TARGET_NAME)";
				WRAPPER_EXTENSION = xctest;
			};
			name = Debug;
		};
		7132E4721848EA8A00B2E356 /* Release */ = {
			isa = XCBuildConfiguration;
			buildSettings = {
				ARCHS = "$(ARCHS_STANDARD_INCLUDING_64_BIT)";
				FRAMEWORK_SEARCH_PATHS = (
					"$(SDKROOT)/Developer/Library/Frameworks",
					"$(inherited)",
					"$(DEVELOPER_FRAMEWORKS_DIR)",
				);
				GCC_PRECOMPILE_PREFIX_HEADER = YES;
				GCC_PREFIX_HEADER = "AirMenuKit/AirMenuKit-Prefix.pch";
				INFOPLIST_FILE = "AirMenuKitTests/AirMenuKitTests-Info.plist";
				PRODUCT_NAME = "$(TARGET_NAME)";
				WRAPPER_EXTENSION = xctest;
			};
			name = Release;
		};
/* End XCBuildConfiguration section */

/* Begin XCConfigurationList section */
		7132E4451848EA8A00B2E356 /* Build configuration list for PBXProject "AirMenuKit" */ = {
			isa = XCConfigurationList;
			buildConfigurations = (
				7132E46B1848EA8A00B2E356 /* Debug */,
				7132E46C1848EA8A00B2E356 /* Release */,
			);
			defaultConfigurationIsVisible = 0;
			defaultConfigurationName = Release;
		};
		7132E46D1848EA8A00B2E356 /* Build configuration list for PBXNativeTarget "AirMenuKit" */ = {
			isa = XCConfigurationList;
			buildConfigurations = (
				7132E46E1848EA8A00B2E356 /* Debug */,
				7132E46F1848EA8A00B2E356 /* Release */,
			);
			defaultConfigurationIsVisible = 0;
			defaultConfigurationName = Release;
		};
		7132E4701848EA8A00B2E356 /* Build configuration list for PBXNativeTarget "AirMenuKitTests" */ = {
			isa = XCConfigurationList;
			buildConfigurations = (
				7132E4711848EA8A00B2E356 /* Debug */,
				7132E4721848EA8A00B2E356 /* Release */,
			);
			defaultConfigurationIsVisible = 0;
			defaultConfigurationName = Release;
		};
/* End XCConfigurationList section */
	};
	rootObject = 7132E4421848EA8A00B2E356 /* Project object */;
}
